PODS:
  - boost (1.76.0)
  - CocoaAsyncSocket (7.6.5)
  - DoubleConversion (1.1.6)
  - FBLazyVector (0.72.13)
  - FBReactNativeSpec (0.72.13):
    - RCT-Folly (= 2021.07.22.00)
    - RCTRequired (= 0.72.13)
    - RCTTypeSafety (= 0.72.13)
    - React-Core (= 0.72.13)
    - React-jsi (= 0.72.13)
    - ReactCommon/turbomodule/core (= 0.72.13)
  - Firebase (10.17.0):
    - Firebase/Core (= 10.17.0)
  - Firebase/Core (10.17.0):
    - Firebase/CoreOnly
    - FirebaseAnalytics (~> 10.17.0)
  - Firebase/CoreOnly (10.17.0):
    - FirebaseCore (= 10.17.0)
  - Firebase/Messaging (10.17.0):
    - Firebase/CoreOnly
    - FirebaseMessaging (~> 10.17.0)
  - FirebaseAnalytics (10.17.0):
    - FirebaseAnalytics/AdIdSupport (= 10.17.0)
    - FirebaseCore (~> 10.0)
    - FirebaseInstallations (~> 10.0)
    - GoogleUtilities/AppDelegateSwizzler (~> 7.11)
    - GoogleUtilities/MethodSwizzler (~> 7.11)
    - GoogleUtilities/Network (~> 7.11)
    - "GoogleUtilities/NSData+zlib (~> 7.11)"
    - nanopb (< 2.30910.0, >= 2.30908.0)
  - FirebaseAnalytics/AdIdSupport (10.17.0):
    - FirebaseCore (~> 10.0)
    - FirebaseInstallations (~> 10.0)
    - GoogleAppMeasurement (= 10.17.0)
    - GoogleUtilities/AppDelegateSwizzler (~> 7.11)
    - GoogleUtilities/MethodSwizzler (~> 7.11)
    - GoogleUtilities/Network (~> 7.11)
    - "GoogleUtilities/NSData+zlib (~> 7.11)"
    - nanopb (< 2.30910.0, >= 2.30908.0)
  - FirebaseCore (10.17.0):
    - FirebaseCoreInternal (~> 10.0)
    - GoogleUtilities/Environment (~> 7.8)
    - GoogleUtilities/Logger (~> 7.8)
  - FirebaseCoreExtension (10.17.0):
    - FirebaseCore (~> 10.0)
  - FirebaseCoreInternal (10.25.0):
    - "GoogleUtilities/NSData+zlib (~> 7.8)"
  - FirebaseInstallations (10.25.0):
    - FirebaseCore (~> 10.0)
    - GoogleUtilities/Environment (~> 7.8)
    - GoogleUtilities/UserDefaults (~> 7.8)
    - PromisesObjC (~> 2.1)
  - FirebaseMessaging (10.17.0):
    - FirebaseCore (~> 10.0)
    - FirebaseInstallations (~> 10.0)
    - GoogleDataTransport (~> 9.2)
    - GoogleUtilities/AppDelegateSwizzler (~> 7.8)
    - GoogleUtilities/Environment (~> 7.8)
    - GoogleUtilities/Reachability (~> 7.8)
    - GoogleUtilities/UserDefaults (~> 7.8)
    - nanopb (< 2.30910.0, >= 2.30908.0)
  - Flipper (0.182.0):
    - Flipper-Folly (~> 2.6)
  - Flipper-Boost-iOSX (1.76.0.1.11)
  - Flipper-DoubleConversion (3.2.0.1)
  - Flipper-Fmt (7.1.7)
  - Flipper-Folly (2.6.10):
    - Flipper-Boost-iOSX
    - Flipper-DoubleConversion
    - Flipper-Fmt (= 7.1.7)
    - Flipper-Glog
    - libevent (~> 2.1.12)
    - OpenSSL-Universal (= 1.1.1100)
  - Flipper-Glog (0.5.0.5)
  - Flipper-PeerTalk (0.0.4)
  - FlipperKit (0.182.0):
    - FlipperKit/Core (= 0.182.0)
  - FlipperKit/Core (0.182.0):
    - Flipper (~> 0.182.0)
    - FlipperKit/CppBridge
    - FlipperKit/FBCxxFollyDynamicConvert
    - FlipperKit/FBDefines
    - FlipperKit/FKPortForwarding
    - SocketRocket (~> 0.6.0)
  - FlipperKit/CppBridge (0.182.0):
    - Flipper (~> 0.182.0)
  - FlipperKit/FBCxxFollyDynamicConvert (0.182.0):
    - Flipper-Folly (~> 2.6)
  - FlipperKit/FBDefines (0.182.0)
  - FlipperKit/FKPortForwarding (0.182.0):
    - CocoaAsyncSocket (~> 7.6)
    - Flipper-PeerTalk (~> 0.0.4)
  - FlipperKit/FlipperKitHighlightOverlay (0.182.0)
  - FlipperKit/FlipperKitLayoutHelpers (0.182.0):
    - FlipperKit/Core
    - FlipperKit/FlipperKitHighlightOverlay
    - FlipperKit/FlipperKitLayoutTextSearchable
  - FlipperKit/FlipperKitLayoutIOSDescriptors (0.182.0):
    - FlipperKit/Core
    - FlipperKit/FlipperKitHighlightOverlay
    - FlipperKit/FlipperKitLayoutHelpers
    - YogaKit (~> 1.18)
  - FlipperKit/FlipperKitLayoutPlugin (0.182.0):
    - FlipperKit/Core
    - FlipperKit/FlipperKitHighlightOverlay
    - FlipperKit/FlipperKitLayoutHelpers
    - FlipperKit/FlipperKitLayoutIOSDescriptors
    - FlipperKit/FlipperKitLayoutTextSearchable
    - YogaKit (~> 1.18)
  - FlipperKit/FlipperKitLayoutTextSearchable (0.182.0)
  - FlipperKit/FlipperKitNetworkPlugin (0.182.0):
    - FlipperKit/Core
  - FlipperKit/FlipperKitReactPlugin (0.182.0):
    - FlipperKit/Core
  - FlipperKit/FlipperKitUserDefaultsPlugin (0.182.0):
    - FlipperKit/Core
  - FlipperKit/SKIOSNetworkPlugin (0.182.0):
    - FlipperKit/Core
    - FlipperKit/FlipperKitNetworkPlugin
  - fmt (6.2.1)
  - glog (0.3.5)
  - GoogleAppMeasurement (10.17.0):
    - GoogleAppMeasurement/AdIdSupport (= 10.17.0)
    - GoogleUtilities/AppDelegateSwizzler (~> 7.11)
    - GoogleUtilities/MethodSwizzler (~> 7.11)
    - GoogleUtilities/Network (~> 7.11)
    - "GoogleUtilities/NSData+zlib (~> 7.11)"
    - nanopb (< 2.30910.0, >= 2.30908.0)
  - GoogleAppMeasurement/AdIdSupport (10.17.0):
    - GoogleAppMeasurement/WithoutAdIdSupport (= 10.17.0)
    - GoogleUtilities/AppDelegateSwizzler (~> 7.11)
    - GoogleUtilities/MethodSwizzler (~> 7.11)
    - GoogleUtilities/Network (~> 7.11)
    - "GoogleUtilities/NSData+zlib (~> 7.11)"
    - nanopb (< 2.30910.0, >= 2.30908.0)
  - GoogleAppMeasurement/WithoutAdIdSupport (10.17.0):
    - GoogleUtilities/AppDelegateSwizzler (~> 7.11)
    - GoogleUtilities/MethodSwizzler (~> 7.11)
    - GoogleUtilities/Network (~> 7.11)
    - "GoogleUtilities/NSData+zlib (~> 7.11)"
    - nanopb (< 2.30910.0, >= 2.30908.0)
  - GoogleDataTransport (9.4.1):
    - GoogleUtilities/Environment (~> 7.7)
    - nanopb (< 2.30911.0, >= 2.30908.0)
    - PromisesObjC (< 3.0, >= 1.2)
  - GoogleUtilities (7.13.3):
    - GoogleUtilities/AppDelegateSwizzler (= 7.13.3)
    - GoogleUtilities/Environment (= 7.13.3)
    - GoogleUtilities/ISASwizzler (= 7.13.3)
    - GoogleUtilities/Logger (= 7.13.3)
    - GoogleUtilities/MethodSwizzler (= 7.13.3)
    - GoogleUtilities/Network (= 7.13.3)
    - "GoogleUtilities/NSData+zlib (= 7.13.3)"
    - GoogleUtilities/Privacy (= 7.13.3)
    - GoogleUtilities/Reachability (= 7.13.3)
    - GoogleUtilities/SwizzlerTestHelpers (= 7.13.3)
    - GoogleUtilities/UserDefaults (= 7.13.3)
  - GoogleUtilities/AppDelegateSwizzler (7.13.3):
    - GoogleUtilities/Environment
    - GoogleUtilities/Logger
    - GoogleUtilities/Network
    - GoogleUtilities/Privacy
  - GoogleUtilities/Environment (7.13.3):
    - GoogleUtilities/Privacy
    - PromisesObjC (< 3.0, >= 1.2)
  - GoogleUtilities/ISASwizzler (7.13.3):
    - GoogleUtilities/Privacy
  - GoogleUtilities/Logger (7.13.3):
    - GoogleUtilities/Environment
    - GoogleUtilities/Privacy
  - GoogleUtilities/MethodSwizzler (7.13.3):
    - GoogleUtilities/Logger
    - GoogleUtilities/Privacy
  - GoogleUtilities/Network (7.13.3):
    - GoogleUtilities/Logger
    - "GoogleUtilities/NSData+zlib"
    - GoogleUtilities/Privacy
    - GoogleUtilities/Reachability
  - "GoogleUtilities/NSData+zlib (7.13.3)":
    - GoogleUtilities/Privacy
  - GoogleUtilities/Privacy (7.13.3)
  - GoogleUtilities/Reachability (7.13.3):
    - GoogleUtilities/Logger
    - GoogleUtilities/Privacy
  - GoogleUtilities/SwizzlerTestHelpers (7.13.3):
    - GoogleUtilities/MethodSwizzler
  - GoogleUtilities/UserDefaults (7.13.3):
    - GoogleUtilities/Logger
    - GoogleUtilities/Privacy
  - hermes-engine (0.72.13):
    - hermes-engine/Pre-built (= 0.72.13)
  - hermes-engine/Pre-built (0.72.13)
  - libevent (2.1.12)
  - libwebp (1.3.2):
    - libwebp/demux (= 1.3.2)
    - libwebp/mux (= 1.3.2)
    - libwebp/sharpyuv (= 1.3.2)
    - libwebp/webp (= 1.3.2)
  - libwebp/demux (1.3.2):
    - libwebp/webp
  - libwebp/mux (1.3.2):
    - libwebp/demux
  - libwebp/sharpyuv (1.3.2)
  - libwebp/webp (1.3.2):
    - libwebp/sharpyuv
  - MapboxCommon (23.9.2)
  - MapboxCoreMaps (10.17.0):
    - MapboxCommon (~> 23.9)
  - MapboxMaps (10.17.0):
    - MapboxCommon (= 23.9.2)
    - MapboxCoreMaps (= 10.17.0)
    - MapboxMobileEvents (= 1.0.10)
    - Turf (= 2.7.0)
  - MapboxMobileEvents (1.0.10)
  - nanopb (2.30909.1):
    - nanopb/decode (= 2.30909.1)
    - nanopb/encode (= 2.30909.1)
  - nanopb/decode (2.30909.1)
  - nanopb/encode (2.30909.1)
  - OpenSSL-Universal (1.1.1100)
  - PromisesObjC (2.4.0)
  - RCT-Folly (2021.07.22.00):
    - boost
    - DoubleConversion
    - fmt (~> 6.2.1)
    - glog
    - RCT-Folly/Default (= 2021.07.22.00)
  - RCT-Folly/Default (2021.07.22.00):
    - boost
    - DoubleConversion
    - fmt (~> 6.2.1)
    - glog
  - RCT-Folly/Futures (2021.07.22.00):
    - boost
    - DoubleConversion
    - fmt (~> 6.2.1)
    - glog
    - libevent
  - RCTRequired (0.72.13)
  - RCTTypeSafety (0.72.13):
    - FBLazyVector (= 0.72.13)
    - RCTRequired (= 0.72.13)
    - React-Core (= 0.72.13)
  - React (0.72.13):
    - React-Core (= 0.72.13)
    - React-Core/DevSupport (= 0.72.13)
    - React-Core/RCTWebSocket (= 0.72.13)
    - React-RCTActionSheet (= 0.72.13)
    - React-RCTAnimation (= 0.72.13)
    - React-RCTBlob (= 0.72.13)
    - React-RCTImage (= 0.72.13)
    - React-RCTLinking (= 0.72.13)
    - React-RCTNetwork (= 0.72.13)
    - React-RCTSettings (= 0.72.13)
    - React-RCTText (= 0.72.13)
    - React-RCTVibration (= 0.72.13)
  - React-callinvoker (0.72.13)
  - React-Codegen (0.72.13):
    - DoubleConversion
    - FBReactNativeSpec
    - glog
    - hermes-engine
    - RCT-Folly
    - RCTRequired
    - RCTTypeSafety
    - React-Core
    - React-jsi
    - React-jsiexecutor
    - React-NativeModulesApple
    - React-rncore
    - ReactCommon/turbomodule/bridging
    - ReactCommon/turbomodule/core
  - React-Core (0.72.13):
    - glog
    - hermes-engine
    - RCT-Folly (= 2021.07.22.00)
    - React-Core/Default (= 0.72.13)
    - React-cxxreact
    - React-hermes
    - React-jsi
    - React-jsiexecutor
    - React-perflogger
    - React-runtimeexecutor
    - React-utils
    - SocketRocket (= 0.6.1)
    - Yoga
  - React-Core/CoreModulesHeaders (0.72.13):
    - glog
    - hermes-engine
    - RCT-Folly (= 2021.07.22.00)
    - React-Core/Default
    - React-cxxreact
    - React-hermes
    - React-jsi
    - React-jsiexecutor
    - React-perflogger
    - React-runtimeexecutor
    - React-utils
    - SocketRocket (= 0.6.1)
    - Yoga
  - React-Core/Default (0.72.13):
    - glog
    - hermes-engine
    - RCT-Folly (= 2021.07.22.00)
    - React-cxxreact
    - React-hermes
    - React-jsi
    - React-jsiexecutor
    - React-perflogger
    - React-runtimeexecutor
    - React-utils
    - SocketRocket (= 0.6.1)
    - Yoga
  - React-Core/DevSupport (0.72.13):
    - glog
    - hermes-engine
    - RCT-Folly (= 2021.07.22.00)
    - React-Core/Default (= 0.72.13)
    - React-Core/RCTWebSocket (= 0.72.13)
    - React-cxxreact
    - React-hermes
    - React-jsi
    - React-jsiexecutor
    - React-jsinspector (= 0.72.13)
    - React-perflogger
    - React-runtimeexecutor
    - React-utils
    - SocketRocket (= 0.6.1)
    - Yoga
  - React-Core/RCTActionSheetHeaders (0.72.13):
    - glog
    - hermes-engine
    - RCT-Folly (= 2021.07.22.00)
    - React-Core/Default
    - React-cxxreact
    - React-hermes
    - React-jsi
    - React-jsiexecutor
    - React-perflogger
    - React-runtimeexecutor
    - React-utils
    - SocketRocket (= 0.6.1)
    - Yoga
  - React-Core/RCTAnimationHeaders (0.72.13):
    - glog
    - hermes-engine
    - RCT-Folly (= 2021.07.22.00)
    - React-Core/Default
    - React-cxxreact
    - React-hermes
    - React-jsi
    - React-jsiexecutor
    - React-perflogger
    - React-runtimeexecutor
    - React-utils
    - SocketRocket (= 0.6.1)
    - Yoga
  - React-Core/RCTBlobHeaders (0.72.13):
    - glog
    - hermes-engine
    - RCT-Folly (= 2021.07.22.00)
    - React-Core/Default
    - React-cxxreact
    - React-hermes
    - React-jsi
    - React-jsiexecutor
    - React-perflogger
    - React-runtimeexecutor
    - React-utils
    - SocketRocket (= 0.6.1)
    - Yoga
  - React-Core/RCTImageHeaders (0.72.13):
    - glog
    - hermes-engine
    - RCT-Folly (= 2021.07.22.00)
    - React-Core/Default
    - React-cxxreact
    - React-hermes
    - React-jsi
    - React-jsiexecutor
    - React-perflogger
    - React-runtimeexecutor
    - React-utils
    - SocketRocket (= 0.6.1)
    - Yoga
  - React-Core/RCTLinkingHeaders (0.72.13):
    - glog
    - hermes-engine
    - RCT-Folly (= 2021.07.22.00)
    - React-Core/Default
    - React-cxxreact
    - React-hermes
    - React-jsi
    - React-jsiexecutor
    - React-perflogger
    - React-runtimeexecutor
    - React-utils
    - SocketRocket (= 0.6.1)
    - Yoga
  - React-Core/RCTNetworkHeaders (0.72.13):
    - glog
    - hermes-engine
    - RCT-Folly (= 2021.07.22.00)
    - React-Core/Default
    - React-cxxreact
    - React-hermes
    - React-jsi
    - React-jsiexecutor
    - React-perflogger
    - React-runtimeexecutor
    - React-utils
    - SocketRocket (= 0.6.1)
    - Yoga
  - React-Core/RCTSettingsHeaders (0.72.13):
    - glog
    - hermes-engine
    - RCT-Folly (= 2021.07.22.00)
    - React-Core/Default
    - React-cxxreact
    - React-hermes
    - React-jsi
    - React-jsiexecutor
    - React-perflogger
    - React-runtimeexecutor
    - React-utils
    - SocketRocket (= 0.6.1)
    - Yoga
  - React-Core/RCTTextHeaders (0.72.13):
    - glog
    - hermes-engine
    - RCT-Folly (= 2021.07.22.00)
    - React-Core/Default
    - React-cxxreact
    - React-hermes
    - React-jsi
    - React-jsiexecutor
    - React-perflogger
    - React-runtimeexecutor
    - React-utils
    - SocketRocket (= 0.6.1)
    - Yoga
  - React-Core/RCTVibrationHeaders (0.72.13):
    - glog
    - hermes-engine
    - RCT-Folly (= 2021.07.22.00)
    - React-Core/Default
    - React-cxxreact
    - React-hermes
    - React-jsi
    - React-jsiexecutor
    - React-perflogger
    - React-runtimeexecutor
    - React-utils
    - SocketRocket (= 0.6.1)
    - Yoga
  - React-Core/RCTWebSocket (0.72.13):
    - glog
    - hermes-engine
    - RCT-Folly (= 2021.07.22.00)
    - React-Core/Default (= 0.72.13)
    - React-cxxreact
    - React-hermes
    - React-jsi
    - React-jsiexecutor
    - React-perflogger
    - React-runtimeexecutor
    - React-utils
    - SocketRocket (= 0.6.1)
    - Yoga
  - React-CoreModules (0.72.13):
    - RCT-Folly (= 2021.07.22.00)
    - RCTTypeSafety (= 0.72.13)
    - React-Codegen (= 0.72.13)
    - React-Core/CoreModulesHeaders (= 0.72.13)
    - React-jsi (= 0.72.13)
    - React-RCTBlob
    - React-RCTImage (= 0.72.13)
    - ReactCommon/turbomodule/core (= 0.72.13)
    - SocketRocket (= 0.6.1)
  - React-cxxreact (0.72.13):
    - boost (= 1.76.0)
    - DoubleConversion
    - glog
    - hermes-engine
    - RCT-Folly (= 2021.07.22.00)
    - React-callinvoker (= 0.72.13)
    - React-debug (= 0.72.13)
    - React-jsi (= 0.72.13)
    - React-jsinspector (= 0.72.13)
    - React-logger (= 0.72.13)
    - React-perflogger (= 0.72.13)
    - React-runtimeexecutor (= 0.72.13)
  - React-debug (0.72.13)
  - React-hermes (0.72.13):
    - DoubleConversion
    - glog
    - hermes-engine
    - RCT-Folly (= 2021.07.22.00)
    - RCT-Folly/Futures (= 2021.07.22.00)
    - React-cxxreact (= 0.72.13)
    - React-jsi
    - React-jsiexecutor (= 0.72.13)
    - React-jsinspector (= 0.72.13)
    - React-perflogger (= 0.72.13)
  - React-jsi (0.72.13):
    - boost (= 1.76.0)
    - DoubleConversion
    - glog
    - hermes-engine
    - RCT-Folly (= 2021.07.22.00)
  - React-jsiexecutor (0.72.13):
    - DoubleConversion
    - glog
    - hermes-engine
    - RCT-Folly (= 2021.07.22.00)
    - React-cxxreact (= 0.72.13)
    - React-jsi (= 0.72.13)
    - React-perflogger (= 0.72.13)
  - React-jsinspector (0.72.13)
  - React-logger (0.72.13):
    - glog
  - react-native-blob-util (0.16.4):
    - React-Core
  - react-native-blur (4.3.2):
    - React-Core
  - react-native-date-picker (4.3.3):
    - React-Core
  - react-native-document-picker (8.2.2):
    - React-Core
  - react-native-geolocation (3.1.0):
    - React-Core
  - react-native-html-to-pdf (0.12.0):
    - React-Core
  - react-native-menu (0.9.1):
    - React
  - react-native-netinfo (9.5.0):
    - React-Core
  - react-native-override-color-scheme (1.0.3):
    - React-Core
  - react-native-pager-view (6.2.2):
    - React-Core
  - react-native-pdf (6.7.3):
    - React-Core
  - react-native-render-html (6.3.4):
    - React-Core
  - react-native-safe-area-context (4.7.4):
    - React-Core
  - react-native-video (6.1.2):
    - RCT-Folly (= 2021.07.22.00)
    - React-Core
    - react-native-video/Video (= 6.1.2)
  - react-native-video/Video (6.1.2):
    - RCT-Folly (= 2021.07.22.00)
    - React-Core
  - React-NativeModulesApple (0.72.13):
    - hermes-engine
    - React-callinvoker
    - React-Core
    - React-cxxreact
    - React-jsi
    - React-runtimeexecutor
    - ReactCommon/turbomodule/bridging
    - ReactCommon/turbomodule/core
  - React-perflogger (0.72.13)
  - React-RCTActionSheet (0.72.13):
    - React-Core/RCTActionSheetHeaders (= 0.72.13)
  - React-RCTAnimation (0.72.13):
    - RCT-Folly (= 2021.07.22.00)
    - RCTTypeSafety (= 0.72.13)
    - React-Codegen (= 0.72.13)
    - React-Core/RCTAnimationHeaders (= 0.72.13)
    - React-jsi (= 0.72.13)
    - ReactCommon/turbomodule/core (= 0.72.13)
  - React-RCTAppDelegate (0.72.13):
    - RCT-Folly
    - RCTRequired
    - RCTTypeSafety
    - React-Core
    - React-CoreModules
    - React-hermes
    - React-NativeModulesApple
    - React-RCTImage
    - React-RCTNetwork
    - React-runtimescheduler
    - ReactCommon/turbomodule/core
  - React-RCTBlob (0.72.13):
    - hermes-engine
    - RCT-Folly (= 2021.07.22.00)
    - React-Codegen (= 0.72.13)
    - React-Core/RCTBlobHeaders (= 0.72.13)
    - React-Core/RCTWebSocket (= 0.72.13)
    - React-jsi (= 0.72.13)
    - React-RCTNetwork (= 0.72.13)
    - ReactCommon/turbomodule/core (= 0.72.13)
  - React-RCTImage (0.72.13):
    - RCT-Folly (= 2021.07.22.00)
    - RCTTypeSafety (= 0.72.13)
    - React-Codegen (= 0.72.13)
    - React-Core/RCTImageHeaders (= 0.72.13)
    - React-jsi (= 0.72.13)
    - React-RCTNetwork (= 0.72.13)
    - ReactCommon/turbomodule/core (= 0.72.13)
  - React-RCTLinking (0.72.13):
    - React-Codegen (= 0.72.13)
    - React-Core/RCTLinkingHeaders (= 0.72.13)
    - React-jsi (= 0.72.13)
    - ReactCommon/turbomodule/core (= 0.72.13)
  - React-RCTNetwork (0.72.13):
    - RCT-Folly (= 2021.07.22.00)
    - RCTTypeSafety (= 0.72.13)
    - React-Codegen (= 0.72.13)
    - React-Core/RCTNetworkHeaders (= 0.72.13)
    - React-jsi (= 0.72.13)
    - ReactCommon/turbomodule/core (= 0.72.13)
  - React-RCTSettings (0.72.13):
    - RCT-Folly (= 2021.07.22.00)
    - RCTTypeSafety (= 0.72.13)
    - React-Codegen (= 0.72.13)
    - React-Core/RCTSettingsHeaders (= 0.72.13)
    - React-jsi (= 0.72.13)
    - ReactCommon/turbomodule/core (= 0.72.13)
  - React-RCTText (0.72.13):
    - React-Core/RCTTextHeaders (= 0.72.13)
  - React-RCTVibration (0.72.13):
    - RCT-Folly (= 2021.07.22.00)
    - React-Codegen (= 0.72.13)
    - React-Core/RCTVibrationHeaders (= 0.72.13)
    - React-jsi (= 0.72.13)
    - ReactCommon/turbomodule/core (= 0.72.13)
  - React-rncore (0.72.13)
  - React-runtimeexecutor (0.72.13):
    - React-jsi (= 0.72.13)
  - React-runtimescheduler (0.72.13):
    - glog
    - hermes-engine
    - RCT-Folly (= 2021.07.22.00)
    - React-callinvoker
    - React-debug
    - React-jsi
    - React-runtimeexecutor
  - React-utils (0.72.13):
    - glog
    - RCT-Folly (= 2021.07.22.00)
    - React-debug
  - ReactCommon/turbomodule/bridging (0.72.13):
    - DoubleConversion
    - glog
    - hermes-engine
    - RCT-Folly (= 2021.07.22.00)
    - React-callinvoker (= 0.72.13)
    - React-cxxreact (= 0.72.13)
    - React-jsi (= 0.72.13)
    - React-logger (= 0.72.13)
    - React-perflogger (= 0.72.13)
  - ReactCommon/turbomodule/core (0.72.13):
    - DoubleConversion
    - glog
    - hermes-engine
    - RCT-Folly (= 2021.07.22.00)
    - React-callinvoker (= 0.72.13)
    - React-cxxreact (= 0.72.13)
    - React-jsi (= 0.72.13)
    - React-logger (= 0.72.13)
    - React-perflogger (= 0.72.13)
  - RNCAsyncStorage (1.19.8):
    - React-Core
  - RNCClipboard (1.12.1):
    - React-Core
  - RNDeviceInfo (10.11.0):
    - React-Core
  - RNFastImage (8.6.3):
    - React-Core
    - SDWebImage (~> 5.11.1)
    - SDWebImageWebPCoder (~> 0.8.4)
  - RNFBApp (18.6.1):
    - Firebase/CoreOnly (= 10.17.0)
    - React-Core
  - RNFBMessaging (18.6.1):
    - Firebase/Messaging (= 10.17.0)
    - FirebaseCoreExtension (= 10.17.0)
    - React-Core
    - RNFBApp
  - RNFileViewer (2.1.5):
    - React-Core
  - RNFS (2.20.0):
    - React-Core
  - RNGestureHandler (2.13.4):
    - RCT-Folly (= 2021.07.22.00)
    - React-Core
  - RNImageCropPicker (0.38.1):
    - React-Core
    - React-RCTImage
    - RNImageCropPicker/QBImagePickerController (= 0.38.1)
    - TOCropViewController
  - RNImageCropPicker/QBImagePickerController (0.38.1):
    - React-Core
    - React-RCTImage
    - TOCropViewController
  - RNKeychain (8.1.2):
    - React-Core
  - rnmapbox-maps (10.1.24):
    - MapboxMaps (~> 10.17.0)
    - React
    - React-Core
    - rnmapbox-maps/DynamicLibrary (= 10.1.24)
    - Turf
  - rnmapbox-maps/DynamicLibrary (10.1.24):
    - MapboxMaps (~> 10.17.0)
    - React
    - React-Core
    - Turf
  - RNPermissions (3.10.1):
    - React-Core
  - RNReanimated (3.11.0):
    - RCT-Folly (= 2021.07.22.00)
    - React-Core
    - ReactCommon/turbomodule/core
  - RNScreens (3.27.0):
    - RCT-Folly (= 2021.07.22.00)
    - React-Core
  - RNSentry (5.22.2):
    - hermes-engine
    - React-Core
    - React-hermes
    - Sentry/HybridSDK (= 8.25.0)
  - RNSVG (15.2.0):
    - React-Core
  - SDWebImage (5.11.1):
    - SDWebImage/Core (= 5.11.1)
  - SDWebImage/Core (5.11.1)
  - SDWebImageWebPCoder (0.8.5):
    - libwebp (~> 1.0)
    - SDWebImage/Core (~> 5.10)
  - Sentry/HybridSDK (8.25.0)
  - SocketRocket (0.6.1)
  - TOCropViewController (2.7.4)
  - Turf (2.7.0)
  - Yoga (1.14.0)
  - YogaKit (1.18.1):
    - Yoga (~> 1.14)

DEPENDENCIES:
  - boost (from `../node_modules/react-native/third-party-podspecs/boost.podspec`)
  - DoubleConversion (from `../node_modules/react-native/third-party-podspecs/DoubleConversion.podspec`)
  - FBLazyVector (from `../node_modules/react-native/Libraries/FBLazyVector`)
  - FBReactNativeSpec (from `../node_modules/react-native/React/FBReactNativeSpec`)
  - Firebase
  - FirebaseCore
  - FirebaseCoreInternal
  - Flipper (= 0.182.0)
  - Flipper-Boost-iOSX (= 1.76.0.1.11)
  - Flipper-DoubleConversion (= 3.2.0.1)
  - Flipper-Fmt (= 7.1.7)
  - Flipper-Folly (= 2.6.10)
  - Flipper-Glog (= 0.5.0.5)
  - Flipper-PeerTalk (= 0.0.4)
  - FlipperKit (= 0.182.0)
  - FlipperKit/Core (= 0.182.0)
  - FlipperKit/CppBridge (= 0.182.0)
  - FlipperKit/FBCxxFollyDynamicConvert (= 0.182.0)
  - FlipperKit/FBDefines (= 0.182.0)
  - FlipperKit/FKPortForwarding (= 0.182.0)
  - FlipperKit/FlipperKitHighlightOverlay (= 0.182.0)
  - FlipperKit/FlipperKitLayoutPlugin (= 0.182.0)
  - FlipperKit/FlipperKitLayoutTextSearchable (= 0.182.0)
  - FlipperKit/FlipperKitNetworkPlugin (= 0.182.0)
  - FlipperKit/FlipperKitReactPlugin (= 0.182.0)
  - FlipperKit/FlipperKitUserDefaultsPlugin (= 0.182.0)
  - FlipperKit/SKIOSNetworkPlugin (= 0.182.0)
  - glog (from `../node_modules/react-native/third-party-podspecs/glog.podspec`)
  - GoogleUtilities
  - hermes-engine (from `../node_modules/react-native/sdks/hermes-engine/hermes-engine.podspec`)
  - libevent (~> 2.1.12)
  - OpenSSL-Universal (= 1.1.1100)
  - RCT-Folly (from `../node_modules/react-native/third-party-podspecs/RCT-Folly.podspec`)
  - RCTRequired (from `../node_modules/react-native/Libraries/RCTRequired`)
  - RCTTypeSafety (from `../node_modules/react-native/Libraries/TypeSafety`)
  - React (from `../node_modules/react-native/`)
  - React-callinvoker (from `../node_modules/react-native/ReactCommon/callinvoker`)
  - React-Codegen (from `build/generated/ios`)
  - React-Core (from `../node_modules/react-native/`)
  - React-Core/DevSupport (from `../node_modules/react-native/`)
  - React-Core/RCTWebSocket (from `../node_modules/react-native/`)
  - React-CoreModules (from `../node_modules/react-native/React/CoreModules`)
  - React-cxxreact (from `../node_modules/react-native/ReactCommon/cxxreact`)
  - React-debug (from `../node_modules/react-native/ReactCommon/react/debug`)
  - React-hermes (from `../node_modules/react-native/ReactCommon/hermes`)
  - React-jsi (from `../node_modules/react-native/ReactCommon/jsi`)
  - React-jsiexecutor (from `../node_modules/react-native/ReactCommon/jsiexecutor`)
  - React-jsinspector (from `../node_modules/react-native/ReactCommon/jsinspector`)
  - React-logger (from `../node_modules/react-native/ReactCommon/logger`)
  - react-native-blob-util (from `../node_modules/react-native-blob-util`)
  - "react-native-blur (from `../node_modules/@react-native-community/blur`)"
  - react-native-date-picker (from `../node_modules/react-native-date-picker`)
  - react-native-document-picker (from `../node_modules/react-native-document-picker`)
  - "react-native-geolocation (from `../node_modules/@react-native-community/geolocation`)"
  - react-native-html-to-pdf (from `../node_modules/react-native-html-to-pdf`)
  - "react-native-menu (from `../node_modules/@react-native-menu/menu`)"
  - "react-native-netinfo (from `../node_modules/@react-native-community/netinfo`)"
  - react-native-override-color-scheme (from `../node_modules/react-native-override-color-scheme`)
  - react-native-pager-view (from `../node_modules/react-native-pager-view`)
  - react-native-pdf (from `../node_modules/react-native-pdf`)
  - react-native-render-html (from `../node_modules/react-native-render-html`)
  - react-native-safe-area-context (from `../node_modules/react-native-safe-area-context`)
  - react-native-video (from `../node_modules/react-native-video`)
  - React-NativeModulesApple (from `../node_modules/react-native/ReactCommon/react/nativemodule/core/platform/ios`)
  - React-perflogger (from `../node_modules/react-native/ReactCommon/reactperflogger`)
  - React-RCTActionSheet (from `../node_modules/react-native/Libraries/ActionSheetIOS`)
  - React-RCTAnimation (from `../node_modules/react-native/Libraries/NativeAnimation`)
  - React-RCTAppDelegate (from `../node_modules/react-native/Libraries/AppDelegate`)
  - React-RCTBlob (from `../node_modules/react-native/Libraries/Blob`)
  - React-RCTImage (from `../node_modules/react-native/Libraries/Image`)
  - React-RCTLinking (from `../node_modules/react-native/Libraries/LinkingIOS`)
  - React-RCTNetwork (from `../node_modules/react-native/Libraries/Network`)
  - React-RCTSettings (from `../node_modules/react-native/Libraries/Settings`)
  - React-RCTText (from `../node_modules/react-native/Libraries/Text`)
  - React-RCTVibration (from `../node_modules/react-native/Libraries/Vibration`)
  - React-rncore (from `../node_modules/react-native/ReactCommon`)
  - React-runtimeexecutor (from `../node_modules/react-native/ReactCommon/runtimeexecutor`)
  - React-runtimescheduler (from `../node_modules/react-native/ReactCommon/react/renderer/runtimescheduler`)
  - React-utils (from `../node_modules/react-native/ReactCommon/react/utils`)
  - ReactCommon/turbomodule/core (from `../node_modules/react-native/ReactCommon`)
  - "RNCAsyncStorage (from `../node_modules/@react-native-async-storage/async-storage`)"
  - "RNCClipboard (from `../node_modules/@react-native-clipboard/clipboard`)"
  - RNDeviceInfo (from `../node_modules/react-native-device-info`)
  - RNFastImage (from `../node_modules/react-native-fast-image`)
  - "RNFBApp (from `../node_modules/@react-native-firebase/app`)"
  - "RNFBMessaging (from `../node_modules/@react-native-firebase/messaging`)"
  - RNFileViewer (from `../node_modules/react-native-file-viewer`)
  - RNFS (from `../node_modules/react-native-fs`)
  - RNGestureHandler (from `../node_modules/react-native-gesture-handler`)
  - RNImageCropPicker (from `../node_modules/react-native-image-crop-picker`)
  - RNKeychain (from `../node_modules/react-native-keychain`)
  - "rnmapbox-maps (from `../node_modules/@rnmapbox/maps`)"
  - RNPermissions (from `../node_modules/react-native-permissions`)
  - RNReanimated (from `../node_modules/react-native-reanimated`)
  - RNScreens (from `../node_modules/react-native-screens`)
  - "RNSentry (from `../node_modules/@sentry/react-native`)"
  - RNSVG (from `../node_modules/react-native-svg`)
  - Yoga (from `../node_modules/react-native/ReactCommon/yoga`)

SPEC REPOS:
  trunk:
    - CocoaAsyncSocket
    - Firebase
    - FirebaseAnalytics
    - FirebaseCore
    - FirebaseCoreExtension
    - FirebaseCoreInternal
    - FirebaseInstallations
    - FirebaseMessaging
    - Flipper
    - Flipper-Boost-iOSX
    - Flipper-DoubleConversion
    - Flipper-Fmt
    - Flipper-Folly
    - Flipper-Glog
    - Flipper-PeerTalk
    - FlipperKit
    - fmt
    - GoogleAppMeasurement
    - GoogleDataTransport
    - GoogleUtilities
    - libevent
    - libwebp
    - MapboxCommon
    - MapboxCoreMaps
    - MapboxMaps
    - MapboxMobileEvents
    - nanopb
    - OpenSSL-Universal
    - PromisesObjC
    - SDWebImage
    - SDWebImageWebPCoder
    - Sentry
    - SocketRocket
    - TOCropViewController
    - Turf
    - YogaKit

EXTERNAL SOURCES:
  boost:
    :podspec: "../node_modules/react-native/third-party-podspecs/boost.podspec"
  DoubleConversion:
    :podspec: "../node_modules/react-native/third-party-podspecs/DoubleConversion.podspec"
  FBLazyVector:
    :path: "../node_modules/react-native/Libraries/FBLazyVector"
  FBReactNativeSpec:
    :path: "../node_modules/react-native/React/FBReactNativeSpec"
  glog:
    :podspec: "../node_modules/react-native/third-party-podspecs/glog.podspec"
  hermes-engine:
    :podspec: "../node_modules/react-native/sdks/hermes-engine/hermes-engine.podspec"
  RCT-Folly:
    :podspec: "../node_modules/react-native/third-party-podspecs/RCT-Folly.podspec"
  RCTRequired:
    :path: "../node_modules/react-native/Libraries/RCTRequired"
  RCTTypeSafety:
    :path: "../node_modules/react-native/Libraries/TypeSafety"
  React:
    :path: "../node_modules/react-native/"
  React-callinvoker:
    :path: "../node_modules/react-native/ReactCommon/callinvoker"
  React-Codegen:
    :path: build/generated/ios
  React-Core:
    :path: "../node_modules/react-native/"
  React-CoreModules:
    :path: "../node_modules/react-native/React/CoreModules"
  React-cxxreact:
    :path: "../node_modules/react-native/ReactCommon/cxxreact"
  React-debug:
    :path: "../node_modules/react-native/ReactCommon/react/debug"
  React-hermes:
    :path: "../node_modules/react-native/ReactCommon/hermes"
  React-jsi:
    :path: "../node_modules/react-native/ReactCommon/jsi"
  React-jsiexecutor:
    :path: "../node_modules/react-native/ReactCommon/jsiexecutor"
  React-jsinspector:
    :path: "../node_modules/react-native/ReactCommon/jsinspector"
  React-logger:
    :path: "../node_modules/react-native/ReactCommon/logger"
  react-native-blob-util:
    :path: "../node_modules/react-native-blob-util"
  react-native-blur:
    :path: "../node_modules/@react-native-community/blur"
  react-native-date-picker:
    :path: "../node_modules/react-native-date-picker"
  react-native-document-picker:
    :path: "../node_modules/react-native-document-picker"
  react-native-geolocation:
    :path: "../node_modules/@react-native-community/geolocation"
  react-native-html-to-pdf:
    :path: "../node_modules/react-native-html-to-pdf"
  react-native-menu:
    :path: "../node_modules/@react-native-menu/menu"
  react-native-netinfo:
    :path: "../node_modules/@react-native-community/netinfo"
  react-native-override-color-scheme:
    :path: "../node_modules/react-native-override-color-scheme"
  react-native-pager-view:
    :path: "../node_modules/react-native-pager-view"
  react-native-pdf:
    :path: "../node_modules/react-native-pdf"
  react-native-render-html:
    :path: "../node_modules/react-native-render-html"
  react-native-safe-area-context:
    :path: "../node_modules/react-native-safe-area-context"
  react-native-video:
    :path: "../node_modules/react-native-video"
  React-NativeModulesApple:
    :path: "../node_modules/react-native/ReactCommon/react/nativemodule/core/platform/ios"
  React-perflogger:
    :path: "../node_modules/react-native/ReactCommon/reactperflogger"
  React-RCTActionSheet:
    :path: "../node_modules/react-native/Libraries/ActionSheetIOS"
  React-RCTAnimation:
    :path: "../node_modules/react-native/Libraries/NativeAnimation"
  React-RCTAppDelegate:
    :path: "../node_modules/react-native/Libraries/AppDelegate"
  React-RCTBlob:
    :path: "../node_modules/react-native/Libraries/Blob"
  React-RCTImage:
    :path: "../node_modules/react-native/Libraries/Image"
  React-RCTLinking:
    :path: "../node_modules/react-native/Libraries/LinkingIOS"
  React-RCTNetwork:
    :path: "../node_modules/react-native/Libraries/Network"
  React-RCTSettings:
    :path: "../node_modules/react-native/Libraries/Settings"
  React-RCTText:
    :path: "../node_modules/react-native/Libraries/Text"
  React-RCTVibration:
    :path: "../node_modules/react-native/Libraries/Vibration"
  React-rncore:
    :path: "../node_modules/react-native/ReactCommon"
  React-runtimeexecutor:
    :path: "../node_modules/react-native/ReactCommon/runtimeexecutor"
  React-runtimescheduler:
    :path: "../node_modules/react-native/ReactCommon/react/renderer/runtimescheduler"
  React-utils:
    :path: "../node_modules/react-native/ReactCommon/react/utils"
  ReactCommon:
    :path: "../node_modules/react-native/ReactCommon"
  RNCAsyncStorage:
    :path: "../node_modules/@react-native-async-storage/async-storage"
  RNCClipboard:
    :path: "../node_modules/@react-native-clipboard/clipboard"
  RNDeviceInfo:
    :path: "../node_modules/react-native-device-info"
  RNFastImage:
    :path: "../node_modules/react-native-fast-image"
  RNFBApp:
    :path: "../node_modules/@react-native-firebase/app"
  RNFBMessaging:
    :path: "../node_modules/@react-native-firebase/messaging"
  RNFileViewer:
    :path: "../node_modules/react-native-file-viewer"
  RNFS:
    :path: "../node_modules/react-native-fs"
  RNGestureHandler:
    :path: "../node_modules/react-native-gesture-handler"
  RNImageCropPicker:
    :path: "../node_modules/react-native-image-crop-picker"
  RNKeychain:
    :path: "../node_modules/react-native-keychain"
  rnmapbox-maps:
    :path: "../node_modules/@rnmapbox/maps"
  RNPermissions:
    :path: "../node_modules/react-native-permissions"
  RNReanimated:
    :path: "../node_modules/react-native-reanimated"
  RNScreens:
    :path: "../node_modules/react-native-screens"
  RNSentry:
    :path: "../node_modules/@sentry/react-native"
  RNSVG:
    :path: "../node_modules/react-native-svg"
  Yoga:
    :path: "../node_modules/react-native/ReactCommon/yoga"

SPEC CHECKSUMS:
  boost: 7dcd2de282d72e344012f7d6564d024930a6a440
  CocoaAsyncSocket: 065fd1e645c7abab64f7a6a2007a48038fdc6a99
  DoubleConversion: 5189b271737e1565bdce30deb4a08d647e3f5f54
  FBLazyVector: d5c36294933aa344046699700b9ae9c2e10db18e
  FBReactNativeSpec: ee1c8650ed1f489b699e8a20db2044b0a7f849c5
  Firebase: f4ac0b02927af9253ae094d23deecf0890da7374
  FirebaseAnalytics: b9284f9fff10157a843e0422e908711f7bf3b9f2
  FirebaseCore: 534544dd98cabcf4bf8598d88ec683b02319a528
  FirebaseCoreExtension: 47720bb330d7041047c0935a34a3a4b92f818074
  FirebaseCoreInternal: 910a81992c33715fec9263ca7381d59ab3a750b7
  FirebaseInstallations: 91950fe859846fff0fbd296180909dd273103b09
  FirebaseMessaging: 1367b28c0c83a63072af4a711328fcc2e6899902
  Flipper: 6edb735e6c3e332975d1b17956bcc584eccf5818
  Flipper-Boost-iOSX: fd1e2b8cbef7e662a122412d7ac5f5bea715403c
  Flipper-DoubleConversion: 2dc99b02f658daf147069aad9dbd29d8feb06d30
  Flipper-Fmt: 60cbdd92fc254826e61d669a5d87ef7015396a9b
  Flipper-Folly: 584845625005ff068a6ebf41f857f468decd26b3
  Flipper-Glog: 70c50ce58ddaf67dc35180db05f191692570f446
  Flipper-PeerTalk: 116d8f857dc6ef55c7a5a75ea3ceaafe878aadc9
  FlipperKit: 2efad7007d6745a3f95e4034d547be637f89d3f6
  fmt: ff9d55029c625d3757ed641535fd4a75fedc7ce9
  glog: 04b94705f318337d7ead9e6d17c019bd9b1f6b1b
  GoogleAppMeasurement: 4dcddfc7f102825c1c4e6422cb35567b101881a7
  GoogleDataTransport: 6c09b596d841063d76d4288cc2d2f42cc36e1e2a
  GoogleUtilities: ea963c370a38a8069cc5f7ba4ca849a60b6d7d15
  hermes-engine: 6b116ce065327cef44156096edaa1e839ee69a03
  libevent: 4049cae6c81cdb3654a443be001fb9bdceff7913
  libwebp: 1786c9f4ff8a279e4dac1e8f385004d5fc253009
  MapboxCommon: 768660d6fca8193529ecf82eb6f5f9ae7a5acdf9
  MapboxCoreMaps: be412ff97b16aa7820922c818115a9a0d8211caa
  MapboxMaps: 87ef0003e6db46e45e7a16939f29ae87e38e7ce2
  MapboxMobileEvents: de50b3a4de180dd129c326e09cd12c8adaaa46d6
  nanopb: d4d75c12cd1316f4a64e3c6963f879ecd4b5e0d5
  OpenSSL-Universal: ebc357f1e6bc71fa463ccb2fe676756aff50e88c
  PromisesObjC: f5707f49cb48b9636751c5b2e7d227e43fba9f47
  RCT-Folly: 424b8c9a7a0b9ab2886ffe9c3b041ef628fd4fb1
  RCTRequired: 2fb3c1ac6546029f44d04083771e60a106073853
  RCTTypeSafety: 59916726dadf1e2f3d502f2f3cf7393fe451f501
  React: a268c36512fe4ae45f55816af7dac225de38a602
  React-callinvoker: b8a85e82fe8e7d8f3b4b4ff03c292c498fe8e747
  React-Codegen: 7d097ffb2323d335832670713ba193d43664575b
  React-Core: 515d1f7f7a02d99a4d29fda4495e69c43375a035
  React-CoreModules: ce9bc448da0091a8d0d9d63f95213e52d170db31
  React-cxxreact: 4deb455d65dd11513fa8d228442005e1febedfe2
  React-debug: 30e2b157b34f426e0ad51ec6bc1b8231e7f27c48
  React-hermes: cad4ee3887376efa0c1498b33a295b00055e0644
  React-jsi: 5162e7a01e31e956147e674915fcdeab0b6e324f
  React-jsiexecutor: 08ea8c7c359e5953776d9b51eb606a02b0999c61
  React-jsinspector: 525fb67d3402476e6d2796907892137e4a632e35
  React-logger: c3a0ff270a52e0051489f1f29a5de047ba7e8ca0
  react-native-blob-util: 60453b777610c87a22b3524032c0214e8db555db
  react-native-blur: cfdad7b3c01d725ab62a8a729f42ea463998afa2
  react-native-date-picker: 1d61c76315098a6ad4c643a356f005916c7d4875
  react-native-document-picker: cd4d6b36a5207ad7a9e599ebb9eb0c2e84fa0b87
  react-native-geolocation: ef66fb798d96284c6043f0b16c15d9d1d4955db4
  react-native-html-to-pdf: 4c5c6e26819fe202971061594058877aa9b25265
  react-native-menu: 9728f90160c36b9a75481fc76e05354b99d54c59
  react-native-netinfo: 48c5f79a84fbc3ba1d28a8b0d04adeda72885fa8
  react-native-override-color-scheme: 3badbbee9a4ea2a9c3e5b4a5d9fd9eaba8761870
  react-native-pager-view: 02a5c4962530f7efc10dd51ee9cdabeff5e6c631
  react-native-pdf: b4ca3d37a9a86d9165287741c8b2ef4d8940c00e
  react-native-render-html: 984dfe2294163d04bf5fe25d7c9f122e60e05ebe
  react-native-safe-area-context: 2cd91d532de12acdb0a9cbc8d43ac72a8e4c897c
  react-native-video: b506b340beb9aae707f41f1f35787a4873806f2a
  React-NativeModulesApple: 83cd035f454ac54f4f72ce7b01c34054fa6d60f8
  React-perflogger: de3900e86d8a4d896999b08e0b130ad8b83ebf11
  React-RCTActionSheet: 92433ffdf1b479aab3fe32250047f100a10ce59f
  React-RCTAnimation: 6f116d7b25705f185f48dedf65eb4e98f98d860c
  React-RCTAppDelegate: efc96d53a6673082eb6b2d8c91a7ef349b639f7a
  React-RCTBlob: 088c2942e3b171b4f8dba9b7f48aa5fff5c2ab97
  React-RCTImage: 66b3b6d840a3b329b2406956a58db80f1344d097
  React-RCTLinking: 032518be6aebadd7f032f23c8975be98eff042cb
  React-RCTNetwork: dc775d132167fcdfcb3bba4b11d57cf07a834a3e
  React-RCTSettings: 0bd22fc8293bc396cdb0769a12830273c8c5096b
  React-RCTText: d312733e5008713f7293e3d44f41f34d432cd4b0
  React-RCTVibration: 754103c3c8c09d6fd2e1ee49d9a32f53e9f2d615
  React-rncore: 15d88d097c7928f0c1ef28070b0d81bc3f372854
  React-runtimeexecutor: 318cd0b384ccb12a2f86870f8591b759caad7f7d
  React-runtimescheduler: 8dd5ce1d291c417dd90cd651eccc70821c237a38
  React-utils: 46700f6d6cacc4288f897b94571bf92895678885
  ReactCommon: 71dc6b65f95ea81a83490115d7a5fc62378ecdcc
  RNCAsyncStorage: 687bb9e85dd3d45b966662440dcfc0cd962347e6
  RNCClipboard: d77213bfa269013bf4b857b7a9ca37ee062d8ef1
  RNDeviceInfo: bf8a32acbcb875f568217285d1793b0e8588c974
  RNFastImage: 5c9c9fed9c076e521b3f509fe79e790418a544e8
  RNFBApp: 5a16a735bad57ca29ee44757bde7e654c5bc8f60
  RNFBMessaging: d1727030c98a9dcc7cd44e2fd29398acb6531cba
  RNFileViewer: ce7ca3ac370e18554d35d6355cffd7c30437c592
  RNFS: 4ac0f0ea233904cb798630b3c077808c06931688
  RNGestureHandler: 5102af8c91262d5a9b757a56e734b1a02071d83b
  RNImageCropPicker: 648356d68fbf9911a1016b3e3723885d28373eda
  RNKeychain: a65256b6ca6ba6976132cc4124b238a5b13b3d9c
  rnmapbox-maps: 8005faa8e35b413ea5f387d8e057e9c2d7bcfbff
  RNPermissions: 84e15be8aab0567bc2c1a904bc4110b6d515666e
  RNReanimated: d4f25b2a931c4f0b2bb12173a3096f02ea4cfb05
  RNScreens: bea7b9767050d69e4b9da14639cdd5c8f5a37881
  RNSentry: f6a5aee809d646763640130714d1fdfe69aac36b
  RNSVG: 43b64ed39c14ce830d840903774154ca0c1f27ec
  SDWebImage: a7f831e1a65eb5e285e3fb046a23fcfbf08e696d
  SDWebImageWebPCoder: 908b83b6adda48effe7667cd2b7f78c897e5111d
  Sentry: cd86fc55628f5b7c572cabe66cc8f95a9d2f165a
  SocketRocket: f32cd54efbe0f095c4d7594881e52619cfe80b17
  TOCropViewController: 80b8985ad794298fb69d3341de183f33d1853654
  Turf: 13d1a92d969ca0311bbc26e8356cca178ce95da2
  Yoga: 6e6ec2d9e1eb4ecb97be4dc9bdd91f7cae2adf98
  YogaKit: f782866e155069a2cca2517aafea43200b01fd5a

PODFILE CHECKSUM: 2ebf1d9f806e7d4a5652df8507ef3bb5295b6e14

COCOAPODS: 1.15.2
