PODS:
  - boost (1.76.0)
  - CocoaAsyncSocket (7.6.5)
  - DoubleConversion (1.1.6)
  - FBLazyVector (0.71.2)
  - FBReactNativeSpec (0.71.2):
    - RCT-Folly (= 2021.07.22.00)
    - RCTRequired (= 0.71.2)
    - RCTTypeSafety (= 0.71.2)
    - React-Core (= 0.71.2)
    - React-jsi (= 0.71.2)
    - ReactCommon/turbomodule/core (= 0.71.2)
  - Firebase (10.17.0):
    - Firebase/Core (= 10.17.0)
  - Firebase/Core (10.17.0):
    - Firebase/CoreOnly
    - FirebaseAnalytics (~> 10.17.0)
  - Firebase/CoreOnly (10.17.0):
    - FirebaseCore (= 10.17.0)
  - Firebase/Messaging (10.17.0):
    - Firebase/CoreOnly
    - FirebaseMessaging (~> 10.17.0)
  - FirebaseAnalytics (10.17.0):
    - FirebaseAnalytics/AdIdSupport (= 10.17.0)
    - FirebaseCore (~> 10.0)
    - FirebaseInstallations (~> 10.0)
    - GoogleUtilities/AppDelegateSwizzler (~> 7.11)
    - GoogleUtilities/MethodSwizzler (~> 7.11)
    - GoogleUtilities/Network (~> 7.11)
    - "GoogleUtilities/NSData+zlib (~> 7.11)"
    - nanopb (< 2.30910.0, >= 2.30908.0)
  - FirebaseAnalytics/AdIdSupport (10.17.0):
    - FirebaseCore (~> 10.0)
    - FirebaseInstallations (~> 10.0)
    - GoogleAppMeasurement (= 10.17.0)
    - GoogleUtilities/AppDelegateSwizzler (~> 7.11)
    - GoogleUtilities/MethodSwizzler (~> 7.11)
    - GoogleUtilities/Network (~> 7.11)
    - "GoogleUtilities/NSData+zlib (~> 7.11)"
    - nanopb (< 2.30910.0, >= 2.30908.0)
  - FirebaseCore (10.17.0):
    - FirebaseCoreInternal (~> 10.0)
    - GoogleUtilities/Environment (~> 7.8)
    - GoogleUtilities/Logger (~> 7.8)
  - FirebaseCoreExtension (10.17.0):
    - FirebaseCore (~> 10.0)
  - FirebaseCoreInternal (10.18.0):
    - "GoogleUtilities/NSData+zlib (~> 7.8)"
  - FirebaseInstallations (10.18.0):
    - FirebaseCore (~> 10.0)
    - GoogleUtilities/Environment (~> 7.8)
    - GoogleUtilities/UserDefaults (~> 7.8)
    - PromisesObjC (~> 2.1)
  - FirebaseMessaging (10.17.0):
    - FirebaseCore (~> 10.0)
    - FirebaseInstallations (~> 10.0)
    - GoogleDataTransport (~> 9.2)
    - GoogleUtilities/AppDelegateSwizzler (~> 7.8)
    - GoogleUtilities/Environment (~> 7.8)
    - GoogleUtilities/Reachability (~> 7.8)
    - GoogleUtilities/UserDefaults (~> 7.8)
    - nanopb (< 2.30910.0, >= 2.30908.0)
  - Flipper (0.233.0):
    - Flipper-Folly (~> 2.6)
  - Flipper-Boost-iOSX (1.76.0.1.11)
  - Flipper-DoubleConversion (3.2.0.1)
  - Flipper-Fmt (7.1.7)
  - Flipper-Folly (2.6.10):
    - Flipper-Boost-iOSX
    - Flipper-DoubleConversion
    - Flipper-Fmt (= 7.1.7)
    - Flipper-Glog
    - libevent (~> 2.1.12)
    - OpenSSL-Universal (= 1.1.1100)
  - Flipper-Glog (0.5.0.5)
  - Flipper-PeerTalk (0.0.4)
  - Flipper-RSocket (1.4.3):
    - Flipper-Folly (~> 2.6)
  - FlipperKit (0.233.0):
    - FlipperKit/Core (= 0.233.0)
  - FlipperKit/Core (0.233.0):
    - Flipper (~> 0.233.0)
    - FlipperKit/CppBridge
    - FlipperKit/FBCxxFollyDynamicConvert
    - FlipperKit/FBDefines
    - FlipperKit/FKPortForwarding
    - SocketRocket (~> 0.7.0)
  - FlipperKit/CppBridge (0.233.0):
    - Flipper (~> 0.233.0)
  - FlipperKit/FBCxxFollyDynamicConvert (0.233.0):
    - Flipper-Folly (~> 2.6)
  - FlipperKit/FBDefines (0.233.0)
  - FlipperKit/FKPortForwarding (0.233.0):
    - CocoaAsyncSocket (~> 7.6)
    - Flipper-PeerTalk (~> 0.0.4)
  - FlipperKit/FlipperKitHighlightOverlay (0.233.0)
  - FlipperKit/FlipperKitLayoutHelpers (0.233.0):
    - FlipperKit/Core
    - FlipperKit/FlipperKitHighlightOverlay
    - FlipperKit/FlipperKitLayoutTextSearchable
  - FlipperKit/FlipperKitLayoutIOSDescriptors (0.233.0):
    - FlipperKit/Core
    - FlipperKit/FlipperKitHighlightOverlay
    - FlipperKit/FlipperKitLayoutHelpers
  - FlipperKit/FlipperKitLayoutPlugin (0.233.0):
    - FlipperKit/Core
    - FlipperKit/FlipperKitHighlightOverlay
    - FlipperKit/FlipperKitLayoutHelpers
    - FlipperKit/FlipperKitLayoutIOSDescriptors
    - FlipperKit/FlipperKitLayoutTextSearchable
  - FlipperKit/FlipperKitLayoutTextSearchable (0.233.0)
  - FlipperKit/FlipperKitNetworkPlugin (0.233.0):
    - FlipperKit/Core
  - FlipperKit/FlipperKitReactPlugin (0.233.0):
    - FlipperKit/Core
  - FlipperKit/FlipperKitUserDefaultsPlugin (0.233.0):
    - FlipperKit/Core
  - FlipperKit/SKIOSNetworkPlugin (0.233.0):
    - FlipperKit/Core
    - FlipperKit/FlipperKitNetworkPlugin
  - fmt (6.2.1)
  - glog (0.3.5)
  - GoogleAppMeasurement (10.17.0):
    - GoogleAppMeasurement/AdIdSupport (= 10.17.0)
    - GoogleUtilities/AppDelegateSwizzler (~> 7.11)
    - GoogleUtilities/MethodSwizzler (~> 7.11)
    - GoogleUtilities/Network (~> 7.11)
    - "GoogleUtilities/NSData+zlib (~> 7.11)"
    - nanopb (< 2.30910.0, >= 2.30908.0)
  - GoogleAppMeasurement/AdIdSupport (10.17.0):
    - GoogleAppMeasurement/WithoutAdIdSupport (= 10.17.0)
    - GoogleUtilities/AppDelegateSwizzler (~> 7.11)
    - GoogleUtilities/MethodSwizzler (~> 7.11)
    - GoogleUtilities/Network (~> 7.11)
    - "GoogleUtilities/NSData+zlib (~> 7.11)"
    - nanopb (< 2.30910.0, >= 2.30908.0)
  - GoogleAppMeasurement/WithoutAdIdSupport (10.17.0):
    - GoogleUtilities/AppDelegateSwizzler (~> 7.11)
    - GoogleUtilities/MethodSwizzler (~> 7.11)
    - GoogleUtilities/Network (~> 7.11)
    - "GoogleUtilities/NSData+zlib (~> 7.11)"
    - nanopb (< 2.30910.0, >= 2.30908.0)
  - GoogleDataTransport (9.2.5):
    - GoogleUtilities/Environment (~> 7.7)
    - nanopb (< 2.30910.0, >= 2.30908.0)
    - PromisesObjC (< 3.0, >= 1.2)
  - GoogleUtilities (7.12.0):
    - GoogleUtilities/AppDelegateSwizzler (= 7.12.0)
    - GoogleUtilities/Environment (= 7.12.0)
    - GoogleUtilities/ISASwizzler (= 7.12.0)
    - GoogleUtilities/Logger (= 7.12.0)
    - GoogleUtilities/MethodSwizzler (= 7.12.0)
    - GoogleUtilities/Network (= 7.12.0)
    - "GoogleUtilities/NSData+zlib (= 7.12.0)"
    - GoogleUtilities/Reachability (= 7.12.0)
    - GoogleUtilities/SwizzlerTestHelpers (= 7.12.0)
    - GoogleUtilities/UserDefaults (= 7.12.0)
  - GoogleUtilities/AppDelegateSwizzler (7.12.0):
    - GoogleUtilities/Environment
    - GoogleUtilities/Logger
    - GoogleUtilities/Network
  - GoogleUtilities/Environment (7.12.0):
    - PromisesObjC (< 3.0, >= 1.2)
  - GoogleUtilities/ISASwizzler (7.12.0)
  - GoogleUtilities/Logger (7.12.0):
    - GoogleUtilities/Environment
  - GoogleUtilities/MethodSwizzler (7.12.0):
    - GoogleUtilities/Logger
  - GoogleUtilities/Network (7.12.0):
    - GoogleUtilities/Logger
    - "GoogleUtilities/NSData+zlib"
    - GoogleUtilities/Reachability
  - "GoogleUtilities/NSData+zlib (7.12.0)"
  - GoogleUtilities/Reachability (7.12.0):
    - GoogleUtilities/Logger
  - GoogleUtilities/SwizzlerTestHelpers (7.12.0):
    - GoogleUtilities/MethodSwizzler
  - GoogleUtilities/UserDefaults (7.12.0):
    - GoogleUtilities/Logger
  - hermes-engine (0.71.2):
    - hermes-engine/Pre-built (= 0.71.2)
  - hermes-engine/Pre-built (0.71.2)
  - libevent (2.1.12)
  - libwebp (1.3.2):
    - libwebp/demux (= 1.3.2)
    - libwebp/mux (= 1.3.2)
    - libwebp/sharpyuv (= 1.3.2)
    - libwebp/webp (= 1.3.2)
  - libwebp/demux (1.3.2):
    - libwebp/webp
  - libwebp/mux (1.3.2):
    - libwebp/demux
  - libwebp/sharpyuv (1.3.2)
  - libwebp/webp (1.3.2):
    - libwebp/sharpyuv
  - MapboxCommon (23.8.4)
  - MapboxCoreMaps (10.16.2):
    - MapboxCommon (~> 23.8)
  - MapboxMaps (10.16.2):
    - MapboxCommon (= 23.8.4)
    - MapboxCoreMaps (= 10.16.2)
    - MapboxMobileEvents (= 1.0.10)
    - Turf (~> 2.0)
  - MapboxMobileEvents (1.0.10)
  - nanopb (2.30909.1):
    - nanopb/decode (= 2.30909.1)
    - nanopb/encode (= 2.30909.1)
  - nanopb/decode (2.30909.1)
  - nanopb/encode (2.30909.1)
  - OpenSSL-Universal (1.1.1100)
  - PromisesObjC (2.3.1)
  - RCT-Folly (2021.07.22.00):
    - boost
    - DoubleConversion
    - fmt (~> 6.2.1)
    - glog
    - RCT-Folly/Default (= 2021.07.22.00)
  - RCT-Folly/Default (2021.07.22.00):
    - boost
    - DoubleConversion
    - fmt (~> 6.2.1)
    - glog
  - RCT-Folly/Futures (2021.07.22.00):
    - boost
    - DoubleConversion
    - fmt (~> 6.2.1)
    - glog
    - libevent
  - RCTRequired (0.71.2)
  - RCTTypeSafety (0.71.2):
    - FBLazyVector (= 0.71.2)
    - RCTRequired (= 0.71.2)
    - React-Core (= 0.71.2)
  - React (0.71.2):
    - React-Core (= 0.71.2)
    - React-Core/DevSupport (= 0.71.2)
    - React-Core/RCTWebSocket (= 0.71.2)
    - React-RCTActionSheet (= 0.71.2)
    - React-RCTAnimation (= 0.71.2)
    - React-RCTBlob (= 0.71.2)
    - React-RCTImage (= 0.71.2)
    - React-RCTLinking (= 0.71.2)
    - React-RCTNetwork (= 0.71.2)
    - React-RCTSettings (= 0.71.2)
    - React-RCTText (= 0.71.2)
    - React-RCTVibration (= 0.71.2)
  - React-callinvoker (0.71.2)
  - React-Codegen (0.71.2):
    - FBReactNativeSpec
    - hermes-engine
    - RCT-Folly
    - RCTRequired
    - RCTTypeSafety
    - React-Core
    - React-jsi
    - React-jsiexecutor
    - ReactCommon/turbomodule/bridging
    - ReactCommon/turbomodule/core
  - React-Core (0.71.2):
    - glog
    - hermes-engine
    - RCT-Folly (= 2021.07.22.00)
    - React-Core/Default (= 0.71.2)
    - React-cxxreact (= 0.71.2)
    - React-hermes
    - React-jsi (= 0.71.2)
    - React-jsiexecutor (= 0.71.2)
    - React-perflogger (= 0.71.2)
    - Yoga
  - React-Core/CoreModulesHeaders (0.71.2):
    - glog
    - hermes-engine
    - RCT-Folly (= 2021.07.22.00)
    - React-Core/Default
    - React-cxxreact (= 0.71.2)
    - React-hermes
    - React-jsi (= 0.71.2)
    - React-jsiexecutor (= 0.71.2)
    - React-perflogger (= 0.71.2)
    - Yoga
  - React-Core/Default (0.71.2):
    - glog
    - hermes-engine
    - RCT-Folly (= 2021.07.22.00)
    - React-cxxreact (= 0.71.2)
    - React-hermes
    - React-jsi (= 0.71.2)
    - React-jsiexecutor (= 0.71.2)
    - React-perflogger (= 0.71.2)
    - Yoga
  - React-Core/DevSupport (0.71.2):
    - glog
    - hermes-engine
    - RCT-Folly (= 2021.07.22.00)
    - React-Core/Default (= 0.71.2)
    - React-Core/RCTWebSocket (= 0.71.2)
    - React-cxxreact (= 0.71.2)
    - React-hermes
    - React-jsi (= 0.71.2)
    - React-jsiexecutor (= 0.71.2)
    - React-jsinspector (= 0.71.2)
    - React-perflogger (= 0.71.2)
    - Yoga
  - React-Core/RCTActionSheetHeaders (0.71.2):
    - glog
    - hermes-engine
    - RCT-Folly (= 2021.07.22.00)
    - React-Core/Default
    - React-cxxreact (= 0.71.2)
    - React-hermes
    - React-jsi (= 0.71.2)
    - React-jsiexecutor (= 0.71.2)
    - React-perflogger (= 0.71.2)
    - Yoga
  - React-Core/RCTAnimationHeaders (0.71.2):
    - glog
    - hermes-engine
    - RCT-Folly (= 2021.07.22.00)
    - React-Core/Default
    - React-cxxreact (= 0.71.2)
    - React-hermes
    - React-jsi (= 0.71.2)
    - React-jsiexecutor (= 0.71.2)
    - React-perflogger (= 0.71.2)
    - Yoga
  - React-Core/RCTBlobHeaders (0.71.2):
    - glog
    - hermes-engine
    - RCT-Folly (= 2021.07.22.00)
    - React-Core/Default
    - React-cxxreact (= 0.71.2)
    - React-hermes
    - React-jsi (= 0.71.2)
    - React-jsiexecutor (= 0.71.2)
    - React-perflogger (= 0.71.2)
    - Yoga
  - React-Core/RCTImageHeaders (0.71.2):
    - glog
    - hermes-engine
    - RCT-Folly (= 2021.07.22.00)
    - React-Core/Default
    - React-cxxreact (= 0.71.2)
    - React-hermes
    - React-jsi (= 0.71.2)
    - React-jsiexecutor (= 0.71.2)
    - React-perflogger (= 0.71.2)
    - Yoga
  - React-Core/RCTLinkingHeaders (0.71.2):
    - glog
    - hermes-engine
    - RCT-Folly (= 2021.07.22.00)
    - React-Core/Default
    - React-cxxreact (= 0.71.2)
    - React-hermes
    - React-jsi (= 0.71.2)
    - React-jsiexecutor (= 0.71.2)
    - React-perflogger (= 0.71.2)
    - Yoga
  - React-Core/RCTNetworkHeaders (0.71.2):
    - glog
    - hermes-engine
    - RCT-Folly (= 2021.07.22.00)
    - React-Core/Default
    - React-cxxreact (= 0.71.2)
    - React-hermes
    - React-jsi (= 0.71.2)
    - React-jsiexecutor (= 0.71.2)
    - React-perflogger (= 0.71.2)
    - Yoga
  - React-Core/RCTSettingsHeaders (0.71.2):
    - glog
    - hermes-engine
    - RCT-Folly (= 2021.07.22.00)
    - React-Core/Default
    - React-cxxreact (= 0.71.2)
    - React-hermes
    - React-jsi (= 0.71.2)
    - React-jsiexecutor (= 0.71.2)
    - React-perflogger (= 0.71.2)
    - Yoga
  - React-Core/RCTTextHeaders (0.71.2):
    - glog
    - hermes-engine
    - RCT-Folly (= 2021.07.22.00)
    - React-Core/Default
    - React-cxxreact (= 0.71.2)
    - React-hermes
    - React-jsi (= 0.71.2)
    - React-jsiexecutor (= 0.71.2)
    - React-perflogger (= 0.71.2)
    - Yoga
  - React-Core/RCTVibrationHeaders (0.71.2):
    - glog
    - hermes-engine
    - RCT-Folly (= 2021.07.22.00)
    - React-Core/Default
    - React-cxxreact (= 0.71.2)
    - React-hermes
    - React-jsi (= 0.71.2)
    - React-jsiexecutor (= 0.71.2)
    - React-perflogger (= 0.71.2)
    - Yoga
  - React-Core/RCTWebSocket (0.71.2):
    - glog
    - hermes-engine
    - RCT-Folly (= 2021.07.22.00)
    - React-Core/Default (= 0.71.2)
    - React-cxxreact (= 0.71.2)
    - React-hermes
    - React-jsi (= 0.71.2)
    - React-jsiexecutor (= 0.71.2)
    - React-perflogger (= 0.71.2)
    - Yoga
  - React-CoreModules (0.71.2):
    - RCT-Folly (= 2021.07.22.00)
    - RCTTypeSafety (= 0.71.2)
    - React-Codegen (= 0.71.2)
    - React-Core/CoreModulesHeaders (= 0.71.2)
    - React-jsi (= 0.71.2)
    - React-RCTBlob
    - React-RCTImage (= 0.71.2)
    - ReactCommon/turbomodule/core (= 0.71.2)
  - React-cxxreact (0.71.2):
    - boost (= 1.76.0)
    - DoubleConversion
    - glog
    - hermes-engine
    - RCT-Folly (= 2021.07.22.00)
    - React-callinvoker (= 0.71.2)
    - React-jsi (= 0.71.2)
    - React-jsinspector (= 0.71.2)
    - React-logger (= 0.71.2)
    - React-perflogger (= 0.71.2)
    - React-runtimeexecutor (= 0.71.2)
  - React-hermes (0.71.2):
    - DoubleConversion
    - glog
    - hermes-engine
    - RCT-Folly (= 2021.07.22.00)
    - RCT-Folly/Futures (= 2021.07.22.00)
    - React-cxxreact (= 0.71.2)
    - React-jsi
    - React-jsiexecutor (= 0.71.2)
    - React-jsinspector (= 0.71.2)
    - React-perflogger (= 0.71.2)
  - React-jsi (0.71.2):
    - boost (= 1.76.0)
    - DoubleConversion
    - glog
    - hermes-engine
    - RCT-Folly (= 2021.07.22.00)
  - React-jsiexecutor (0.71.2):
    - DoubleConversion
    - glog
    - hermes-engine
    - RCT-Folly (= 2021.07.22.00)
    - React-cxxreact (= 0.71.2)
    - React-jsi (= 0.71.2)
    - React-perflogger (= 0.71.2)
  - React-jsinspector (0.71.2)
  - React-logger (0.71.2):
    - glog
  - react-native-blob-util (0.16.4):
    - React-Core
  - react-native-blur (4.3.2):
    - React-Core
  - react-native-date-picker (4.3.5):
    - React-Core
  - react-native-document-picker (8.2.1):
    - React-Core
  - react-native-geolocation (3.1.0):
    - React-Core
  - react-native-html-to-pdf (0.12.0):
    - React-Core
  - react-native-menu (0.9.1):
    - React
  - react-native-netinfo (9.5.0):
    - React-Core
  - react-native-override-color-scheme (1.0.3):
    - React-Core
  - react-native-pager-view (6.2.2):
    - React-Core
  - react-native-pdf (6.7.3):
    - React-Core
  - react-native-render-html (6.3.4):
    - React-Core
  - react-native-safe-area-context (4.7.4):
    - React-Core
  - react-native-video (5.2.1):
    - React-Core
    - react-native-video/Video (= 5.2.1)
  - react-native-video/Video (5.2.1):
    - React-Core
  - React-perflogger (0.71.2)
  - React-RCTActionSheet (0.71.2):
    - React-Core/RCTActionSheetHeaders (= 0.71.2)
  - React-RCTAnimation (0.71.2):
    - RCT-Folly (= 2021.07.22.00)
    - RCTTypeSafety (= 0.71.2)
    - React-Codegen (= 0.71.2)
    - React-Core/RCTAnimationHeaders (= 0.71.2)
    - React-jsi (= 0.71.2)
    - ReactCommon/turbomodule/core (= 0.71.2)
  - React-RCTAppDelegate (0.71.2):
    - RCT-Folly
    - RCTRequired
    - RCTTypeSafety
    - React-Core
    - ReactCommon/turbomodule/core
  - React-RCTBlob (0.71.2):
    - hermes-engine
    - RCT-Folly (= 2021.07.22.00)
    - React-Codegen (= 0.71.2)
    - React-Core/RCTBlobHeaders (= 0.71.2)
    - React-Core/RCTWebSocket (= 0.71.2)
    - React-jsi (= 0.71.2)
    - React-RCTNetwork (= 0.71.2)
    - ReactCommon/turbomodule/core (= 0.71.2)
  - React-RCTImage (0.71.2):
    - RCT-Folly (= 2021.07.22.00)
    - RCTTypeSafety (= 0.71.2)
    - React-Codegen (= 0.71.2)
    - React-Core/RCTImageHeaders (= 0.71.2)
    - React-jsi (= 0.71.2)
    - React-RCTNetwork (= 0.71.2)
    - ReactCommon/turbomodule/core (= 0.71.2)
  - React-RCTLinking (0.71.2):
    - React-Codegen (= 0.71.2)
    - React-Core/RCTLinkingHeaders (= 0.71.2)
    - React-jsi (= 0.71.2)
    - ReactCommon/turbomodule/core (= 0.71.2)
  - React-RCTNetwork (0.71.2):
    - RCT-Folly (= 2021.07.22.00)
    - RCTTypeSafety (= 0.71.2)
    - React-Codegen (= 0.71.2)
    - React-Core/RCTNetworkHeaders (= 0.71.2)
    - React-jsi (= 0.71.2)
    - ReactCommon/turbomodule/core (= 0.71.2)
  - React-RCTSettings (0.71.2):
    - RCT-Folly (= 2021.07.22.00)
    - RCTTypeSafety (= 0.71.2)
    - React-Codegen (= 0.71.2)
    - React-Core/RCTSettingsHeaders (= 0.71.2)
    - React-jsi (= 0.71.2)
    - ReactCommon/turbomodule/core (= 0.71.2)
  - React-RCTText (0.71.2):
    - React-Core/RCTTextHeaders (= 0.71.2)
  - React-RCTVibration (0.71.2):
    - RCT-Folly (= 2021.07.22.00)
    - React-Codegen (= 0.71.2)
    - React-Core/RCTVibrationHeaders (= 0.71.2)
    - React-jsi (= 0.71.2)
    - ReactCommon/turbomodule/core (= 0.71.2)
  - React-runtimeexecutor (0.71.2):
    - React-jsi (= 0.71.2)
  - ReactCommon/turbomodule/bridging (0.71.2):
    - DoubleConversion
    - glog
    - hermes-engine
    - RCT-Folly (= 2021.07.22.00)
    - React-callinvoker (= 0.71.2)
    - React-Core (= 0.71.2)
    - React-cxxreact (= 0.71.2)
    - React-jsi (= 0.71.2)
    - React-logger (= 0.71.2)
    - React-perflogger (= 0.71.2)
  - ReactCommon/turbomodule/core (0.71.2):
    - DoubleConversion
    - glog
    - hermes-engine
    - RCT-Folly (= 2021.07.22.00)
    - React-callinvoker (= 0.71.2)
    - React-Core (= 0.71.2)
    - React-cxxreact (= 0.71.2)
    - React-jsi (= 0.71.2)
    - React-logger (= 0.71.2)
    - React-perflogger (= 0.71.2)
  - RNCAsyncStorage (1.19.8):
    - React-Core
  - RNCClipboard (1.12.1):
    - React-Core
  - RNDeviceInfo (10.11.0):
    - React-Core
  - RNFastImage (8.6.3):
    - React-Core
    - SDWebImage (~> 5.11.1)
    - SDWebImageWebPCoder (~> 0.8.4)
  - RNFBApp (18.6.1):
    - Firebase/CoreOnly (= 10.17.0)
    - React-Core
  - RNFBMessaging (18.6.1):
    - Firebase/Messaging (= 10.17.0)
    - FirebaseCoreExtension (= 10.17.0)
    - React-Core
    - RNFBApp
  - RNFileViewer (2.1.5):
    - React-Core
  - RNFS (2.20.0):
    - React-Core
  - RNGestureHandler (2.13.4):
    - RCT-Folly (= 2021.07.22.00)
    - React-Core
  - RNImageCropPicker (0.38.1):
    - React-Core
    - React-RCTImage
    - RNImageCropPicker/QBImagePickerController (= 0.38.1)
    - TOCropViewController
  - RNImageCropPicker/QBImagePickerController (0.38.1):
    - React-Core
    - React-RCTImage
    - TOCropViewController
  - RNKeychain (8.1.2):
    - React-Core
  - rnmapbox-maps (10.0.15):
    - MapboxMaps (~> 10.16.0)
    - React
    - React-Core
    - rnmapbox-maps/DynamicLibrary (= 10.0.15)
    - Turf
  - rnmapbox-maps/DynamicLibrary (10.0.15):
    - MapboxMaps (~> 10.16.0)
    - React
    - React-Core
    - Turf
  - RNPermissions (3.10.1):
    - React-Core
  - RNReanimated (2.17.0):
    - DoubleConversion
    - FBLazyVector
    - FBReactNativeSpec
    - glog
    - RCT-Folly
    - RCTRequired
    - RCTTypeSafety
    - React-callinvoker
    - React-Core
    - React-Core/DevSupport
    - React-Core/RCTWebSocket
    - React-CoreModules
    - React-cxxreact
    - React-jsi
    - React-jsiexecutor
    - React-jsinspector
    - React-RCTActionSheet
    - React-RCTAnimation
    - React-RCTBlob
    - React-RCTImage
    - React-RCTLinking
    - React-RCTNetwork
    - React-RCTSettings
    - React-RCTText
    - ReactCommon/turbomodule/core
    - Yoga
  - RNScreens (3.27.0):
    - RCT-Folly (= 2021.07.22.00)
    - React-Core
  - RNSentry (5.14.0):
    - React-Core
    - Sentry/HybridSDK (= 8.15.2)
  - RNSVG (13.4.0):
    - React-Core
  - SDWebImage (5.11.1):
    - SDWebImage/Core (= 5.11.1)
  - SDWebImage/Core (5.11.1)
  - SDWebImageWebPCoder (0.8.5):
    - libwebp (~> 1.0)
    - SDWebImage/Core (~> 5.10)
  - Sentry/HybridSDK (8.15.2):
    - SentryPrivate (= 8.15.2)
  - SentryPrivate (8.15.2)
  - SocketRocket (0.7.0)
  - TOCropViewController (2.6.1)
  - Turf (2.7.0)
  - Yoga (1.14.0)

DEPENDENCIES:
  - boost (from `../node_modules/react-native/third-party-podspecs/boost.podspec`)
  - DoubleConversion (from `../node_modules/react-native/third-party-podspecs/DoubleConversion.podspec`)
  - FBLazyVector (from `../node_modules/react-native/Libraries/FBLazyVector`)
  - FBReactNativeSpec (from `../node_modules/react-native/React/FBReactNativeSpec`)
  - Firebase
  - FirebaseCore
  - FirebaseCoreInternal
  - Flipper (= 0.233.0)
  - Flipper-Boost-iOSX (= 1.76.0.1.11)
  - Flipper-DoubleConversion (= 3.2.0.1)
  - Flipper-Fmt (= 7.1.7)
  - Flipper-Folly (= 2.6.10)
  - Flipper-Glog (= 0.5.0.5)
  - Flipper-PeerTalk (= 0.0.4)
  - Flipper-RSocket (= 1.4.3)
  - FlipperKit (= 0.233.0)
  - FlipperKit/Core (= 0.233.0)
  - FlipperKit/CppBridge (= 0.233.0)
  - FlipperKit/FBCxxFollyDynamicConvert (= 0.233.0)
  - FlipperKit/FBDefines (= 0.233.0)
  - FlipperKit/FKPortForwarding (= 0.233.0)
  - FlipperKit/FlipperKitHighlightOverlay (= 0.233.0)
  - FlipperKit/FlipperKitLayoutPlugin (= 0.233.0)
  - FlipperKit/FlipperKitLayoutTextSearchable (= 0.233.0)
  - FlipperKit/FlipperKitNetworkPlugin (= 0.233.0)
  - FlipperKit/FlipperKitReactPlugin (= 0.233.0)
  - FlipperKit/FlipperKitUserDefaultsPlugin (= 0.233.0)
  - FlipperKit/SKIOSNetworkPlugin (= 0.233.0)
  - glog (from `../node_modules/react-native/third-party-podspecs/glog.podspec`)
  - GoogleUtilities
  - hermes-engine (from `../node_modules/react-native/sdks/hermes-engine/hermes-engine.podspec`)
  - libevent (~> 2.1.12)
  - OpenSSL-Universal (= 1.1.1100)
  - RCT-Folly (from `../node_modules/react-native/third-party-podspecs/RCT-Folly.podspec`)
  - RCTRequired (from `../node_modules/react-native/Libraries/RCTRequired`)
  - RCTTypeSafety (from `../node_modules/react-native/Libraries/TypeSafety`)
  - React (from `../node_modules/react-native/`)
  - React-callinvoker (from `../node_modules/react-native/ReactCommon/callinvoker`)
  - React-Codegen (from `build/generated/ios`)
  - React-Core (from `../node_modules/react-native/`)
  - React-Core/DevSupport (from `../node_modules/react-native/`)
  - React-Core/RCTWebSocket (from `../node_modules/react-native/`)
  - React-CoreModules (from `../node_modules/react-native/React/CoreModules`)
  - React-cxxreact (from `../node_modules/react-native/ReactCommon/cxxreact`)
  - React-hermes (from `../node_modules/react-native/ReactCommon/hermes`)
  - React-jsi (from `../node_modules/react-native/ReactCommon/jsi`)
  - React-jsiexecutor (from `../node_modules/react-native/ReactCommon/jsiexecutor`)
  - React-jsinspector (from `../node_modules/react-native/ReactCommon/jsinspector`)
  - React-logger (from `../node_modules/react-native/ReactCommon/logger`)
  - react-native-blob-util (from `../node_modules/react-native-blob-util`)
  - "react-native-blur (from `../node_modules/@react-native-community/blur`)"
  - react-native-date-picker (from `../node_modules/react-native-date-picker`)
  - react-native-document-picker (from `../node_modules/react-native-document-picker`)
  - "react-native-geolocation (from `../node_modules/@react-native-community/geolocation`)"
  - react-native-html-to-pdf (from `../node_modules/react-native-html-to-pdf`)
  - "react-native-menu (from `../node_modules/@react-native-menu/menu`)"
  - "react-native-netinfo (from `../node_modules/@react-native-community/netinfo`)"
  - react-native-override-color-scheme (from `../node_modules/react-native-override-color-scheme`)
  - react-native-pager-view (from `../node_modules/react-native-pager-view`)
  - react-native-pdf (from `../node_modules/react-native-pdf`)
  - react-native-render-html (from `../node_modules/react-native-render-html`)
  - react-native-safe-area-context (from `../node_modules/react-native-safe-area-context`)
  - react-native-video (from `../node_modules/react-native-video`)
  - React-perflogger (from `../node_modules/react-native/ReactCommon/reactperflogger`)
  - React-RCTActionSheet (from `../node_modules/react-native/Libraries/ActionSheetIOS`)
  - React-RCTAnimation (from `../node_modules/react-native/Libraries/NativeAnimation`)
  - React-RCTAppDelegate (from `../node_modules/react-native/Libraries/AppDelegate`)
  - React-RCTBlob (from `../node_modules/react-native/Libraries/Blob`)
  - React-RCTImage (from `../node_modules/react-native/Libraries/Image`)
  - React-RCTLinking (from `../node_modules/react-native/Libraries/LinkingIOS`)
  - React-RCTNetwork (from `../node_modules/react-native/Libraries/Network`)
  - React-RCTSettings (from `../node_modules/react-native/Libraries/Settings`)
  - React-RCTText (from `../node_modules/react-native/Libraries/Text`)
  - React-RCTVibration (from `../node_modules/react-native/Libraries/Vibration`)
  - React-runtimeexecutor (from `../node_modules/react-native/ReactCommon/runtimeexecutor`)
  - ReactCommon/turbomodule/core (from `../node_modules/react-native/ReactCommon`)
  - "RNCAsyncStorage (from `../node_modules/@react-native-async-storage/async-storage`)"
  - "RNCClipboard (from `../node_modules/@react-native-clipboard/clipboard`)"
  - RNDeviceInfo (from `../node_modules/react-native-device-info`)
  - RNFastImage (from `../node_modules/react-native-fast-image`)
  - "RNFBApp (from `../node_modules/@react-native-firebase/app`)"
  - "RNFBMessaging (from `../node_modules/@react-native-firebase/messaging`)"
  - RNFileViewer (from `../node_modules/react-native-file-viewer`)
  - RNFS (from `../node_modules/react-native-fs`)
  - RNGestureHandler (from `../node_modules/react-native-gesture-handler`)
  - RNImageCropPicker (from `../node_modules/react-native-image-crop-picker`)
  - RNKeychain (from `../node_modules/react-native-keychain`)
  - "rnmapbox-maps (from `../node_modules/@rnmapbox/maps`)"
  - RNPermissions (from `../node_modules/react-native-permissions`)
  - RNReanimated (from `../node_modules/react-native-reanimated`)
  - RNScreens (from `../node_modules/react-native-screens`)
  - "RNSentry (from `../node_modules/@sentry/react-native`)"
  - RNSVG (from `../node_modules/react-native-svg`)
  - Yoga (from `../node_modules/react-native/ReactCommon/yoga`)

SPEC REPOS:
  trunk:
    - CocoaAsyncSocket
    - Firebase
    - FirebaseAnalytics
    - FirebaseCore
    - FirebaseCoreExtension
    - FirebaseCoreInternal
    - FirebaseInstallations
    - FirebaseMessaging
    - Flipper
    - Flipper-Boost-iOSX
    - Flipper-DoubleConversion
    - Flipper-Fmt
    - Flipper-Folly
    - Flipper-Glog
    - Flipper-PeerTalk
    - Flipper-RSocket
    - FlipperKit
    - fmt
    - GoogleAppMeasurement
    - GoogleDataTransport
    - GoogleUtilities
    - libevent
    - libwebp
    - MapboxCommon
    - MapboxCoreMaps
    - MapboxMaps
    - MapboxMobileEvents
    - nanopb
    - OpenSSL-Universal
    - PromisesObjC
    - SDWebImage
    - SDWebImageWebPCoder
    - Sentry
    - SentryPrivate
    - SocketRocket
    - TOCropViewController
    - Turf

EXTERNAL SOURCES:
  boost:
    :podspec: "../node_modules/react-native/third-party-podspecs/boost.podspec"
  DoubleConversion:
    :podspec: "../node_modules/react-native/third-party-podspecs/DoubleConversion.podspec"
  FBLazyVector:
    :path: "../node_modules/react-native/Libraries/FBLazyVector"
  FBReactNativeSpec:
    :path: "../node_modules/react-native/React/FBReactNativeSpec"
  glog:
    :podspec: "../node_modules/react-native/third-party-podspecs/glog.podspec"
  hermes-engine:
    :podspec: "../node_modules/react-native/sdks/hermes-engine/hermes-engine.podspec"
  RCT-Folly:
    :podspec: "../node_modules/react-native/third-party-podspecs/RCT-Folly.podspec"
  RCTRequired:
    :path: "../node_modules/react-native/Libraries/RCTRequired"
  RCTTypeSafety:
    :path: "../node_modules/react-native/Libraries/TypeSafety"
  React:
    :path: "../node_modules/react-native/"
  React-callinvoker:
    :path: "../node_modules/react-native/ReactCommon/callinvoker"
  React-Codegen:
    :path: build/generated/ios
  React-Core:
    :path: "../node_modules/react-native/"
  React-CoreModules:
    :path: "../node_modules/react-native/React/CoreModules"
  React-cxxreact:
    :path: "../node_modules/react-native/ReactCommon/cxxreact"
  React-hermes:
    :path: "../node_modules/react-native/ReactCommon/hermes"
  React-jsi:
    :path: "../node_modules/react-native/ReactCommon/jsi"
  React-jsiexecutor:
    :path: "../node_modules/react-native/ReactCommon/jsiexecutor"
  React-jsinspector:
    :path: "../node_modules/react-native/ReactCommon/jsinspector"
  React-logger:
    :path: "../node_modules/react-native/ReactCommon/logger"
  react-native-blob-util:
    :path: "../node_modules/react-native-blob-util"
  react-native-blur:
    :path: "../node_modules/@react-native-community/blur"
  react-native-date-picker:
    :path: "../node_modules/react-native-date-picker"
  react-native-document-picker:
    :path: "../node_modules/react-native-document-picker"
  react-native-geolocation:
    :path: "../node_modules/@react-native-community/geolocation"
  react-native-html-to-pdf:
    :path: "../node_modules/react-native-html-to-pdf"
  react-native-menu:
    :path: "../node_modules/@react-native-menu/menu"
  react-native-netinfo:
    :path: "../node_modules/@react-native-community/netinfo"
  react-native-override-color-scheme:
    :path: "../node_modules/react-native-override-color-scheme"
  react-native-pager-view:
    :path: "../node_modules/react-native-pager-view"
  react-native-pdf:
    :path: "../node_modules/react-native-pdf"
  react-native-render-html:
    :path: "../node_modules/react-native-render-html"
  react-native-safe-area-context:
    :path: "../node_modules/react-native-safe-area-context"
  react-native-video:
    :path: "../node_modules/react-native-video"
  React-perflogger:
    :path: "../node_modules/react-native/ReactCommon/reactperflogger"
  React-RCTActionSheet:
    :path: "../node_modules/react-native/Libraries/ActionSheetIOS"
  React-RCTAnimation:
    :path: "../node_modules/react-native/Libraries/NativeAnimation"
  React-RCTAppDelegate:
    :path: "../node_modules/react-native/Libraries/AppDelegate"
  React-RCTBlob:
    :path: "../node_modules/react-native/Libraries/Blob"
  React-RCTImage:
    :path: "../node_modules/react-native/Libraries/Image"
  React-RCTLinking:
    :path: "../node_modules/react-native/Libraries/LinkingIOS"
  React-RCTNetwork:
    :path: "../node_modules/react-native/Libraries/Network"
  React-RCTSettings:
    :path: "../node_modules/react-native/Libraries/Settings"
  React-RCTText:
    :path: "../node_modules/react-native/Libraries/Text"
  React-RCTVibration:
    :path: "../node_modules/react-native/Libraries/Vibration"
  React-runtimeexecutor:
    :path: "../node_modules/react-native/ReactCommon/runtimeexecutor"
  ReactCommon:
    :path: "../node_modules/react-native/ReactCommon"
  RNCAsyncStorage:
    :path: "../node_modules/@react-native-async-storage/async-storage"
  RNCClipboard:
    :path: "../node_modules/@react-native-clipboard/clipboard"
  RNDeviceInfo:
    :path: "../node_modules/react-native-device-info"
  RNFastImage:
    :path: "../node_modules/react-native-fast-image"
  RNFBApp:
    :path: "../node_modules/@react-native-firebase/app"
  RNFBMessaging:
    :path: "../node_modules/@react-native-firebase/messaging"
  RNFileViewer:
    :path: "../node_modules/react-native-file-viewer"
  RNFS:
    :path: "../node_modules/react-native-fs"
  RNGestureHandler:
    :path: "../node_modules/react-native-gesture-handler"
  RNImageCropPicker:
    :path: "../node_modules/react-native-image-crop-picker"
  RNKeychain:
    :path: "../node_modules/react-native-keychain"
  rnmapbox-maps:
    :path: "../node_modules/@rnmapbox/maps"
  RNPermissions:
    :path: "../node_modules/react-native-permissions"
  RNReanimated:
    :path: "../node_modules/react-native-reanimated"
  RNScreens:
    :path: "../node_modules/react-native-screens"
  RNSentry:
    :path: "../node_modules/@sentry/react-native"
  RNSVG:
    :path: "../node_modules/react-native-svg"
  Yoga:
    :path: "../node_modules/react-native/ReactCommon/yoga"

SPEC CHECKSUMS:
  boost: 57d2868c099736d80fcd648bf211b4431e51a558
  CocoaAsyncSocket: 065fd1e645c7abab64f7a6a2007a48038fdc6a99
  DoubleConversion: 5189b271737e1565bdce30deb4a08d647e3f5f54
  FBLazyVector: d58428b28fe1f5070fe993495b0e2eaf701d3820
  FBReactNativeSpec: 225fb0f0ab00493ce0731f954da3658638d9b191
  Firebase: f4ac0b02927af9253ae094d23deecf0890da7374
  FirebaseAnalytics: b9284f9fff10157a843e0422e908711f7bf3b9f2
  FirebaseCore: 534544dd98cabcf4bf8598d88ec683b02319a528
  FirebaseCoreExtension: 47720bb330d7041047c0935a34a3a4b92f818074
  FirebaseCoreInternal: 8eb002e564b533bdcf1ba011f33f2b5c10e2ed4a
  FirebaseInstallations: e842042ec6ac1fd2e37d7706363ebe7f662afea4
  FirebaseMessaging: 1367b28c0c83a63072af4a711328fcc2e6899902
  Flipper: 78cb4b9cf280b4ad4230a4f3b5c21ff657f3c147
  Flipper-Boost-iOSX: fd1e2b8cbef7e662a122412d7ac5f5bea715403c
  Flipper-DoubleConversion: 2dc99b02f658daf147069aad9dbd29d8feb06d30
  Flipper-Fmt: 60cbdd92fc254826e61d669a5d87ef7015396a9b
  Flipper-Folly: 584845625005ff068a6ebf41f857f468decd26b3
  Flipper-Glog: 70c50ce58ddaf67dc35180db05f191692570f446
  Flipper-PeerTalk: 116d8f857dc6ef55c7a5a75ea3ceaafe878aadc9
  Flipper-RSocket: d9d9ade67cbecf6ac10730304bf5607266dd2541
  FlipperKit: 825a05d0e628a8533599bff069d8325c0c577b27
  fmt: ff9d55029c625d3757ed641535fd4a75fedc7ce9
  glog: 04b94705f318337d7ead9e6d17c019bd9b1f6b1b
  GoogleAppMeasurement: 4dcddfc7f102825c1c4e6422cb35567b101881a7
  GoogleDataTransport: 54dee9d48d14580407f8f5fbf2f496e92437a2f2
  GoogleUtilities: 0759d1a57ebb953965c2dfe0ba4c82e95ccc2e34
  hermes-engine: 6351580c827b3b03e5f25aadcf989f582d0b0a86
  libevent: 4049cae6c81cdb3654a443be001fb9bdceff7913
  libwebp: 1786c9f4ff8a279e4dac1e8f385004d5fc253009
  MapboxCommon: 23deb9c2abe05897a3ade46aac391c9d2ada396e
  MapboxCoreMaps: b6921145ffe26eff2ec0fa84edb99496a189ea53
  MapboxMaps: f7a24f57ee25ea6eb9d195c9b0273bb8776fcbc1
  MapboxMobileEvents: de50b3a4de180dd129c326e09cd12c8adaaa46d6
  nanopb: d4d75c12cd1316f4a64e3c6963f879ecd4b5e0d5
  OpenSSL-Universal: ebc357f1e6bc71fa463ccb2fe676756aff50e88c
  PromisesObjC: c50d2056b5253dadbd6c2bea79b0674bd5a52fa4
  RCT-Folly: 424b8c9a7a0b9ab2886ffe9c3b041ef628fd4fb1
  RCTRequired: c154ebcfbf41d6fef86c52674fc1aa08837ff538
  RCTTypeSafety: 3063e5a1e5b1dc2cbeda5c8f8926c0ad1a6b0871
  React: 0a1a36e8e81cfaac244ed88b97f23ab56e5434f0
  React-callinvoker: 679a09fbfe1a8bbf0c8588b588bf3ef85e7e4922
  React-Codegen: 78f8966839f22b54d3303a6aca2679bce5723c3f
  React-Core: 679e5ff1eb0e3122463976d0b2049bebcb7b33d6
  React-CoreModules: 06cbf15185e6daf9fb3aec02c963f4807bd794b3
  React-cxxreact: 645dc75c9deba4c15698b1b5902236d6a766461f
  React-hermes: bc7bcfeaaa7cb98dc9f9252f2f3eca66f06f01e2
  React-jsi: 82625f9f1f8d7abf716d897612a9ea06ecf6db6e
  React-jsiexecutor: c7e028406112db456ac3cf5720d266bc7bc20938
  React-jsinspector: ea8101acf525ec08b2d87ddf0637d45f8e3b4148
  React-logger: 97987f46779d8dd24656474ad0c43a5b459f31d6
  react-native-blob-util: 60453b777610c87a22b3524032c0214e8db555db
  react-native-blur: cfdad7b3c01d725ab62a8a729f42ea463998afa2
  react-native-date-picker: 90d1d60802a20085125657940b944f2bb4e5c113
  react-native-document-picker: 69ca2094d8780cfc1e7e613894d15290fdc54bba
  react-native-geolocation: ef66fb798d96284c6043f0b16c15d9d1d4955db4
  react-native-html-to-pdf: 4c5c6e26819fe202971061594058877aa9b25265
  react-native-menu: 9728f90160c36b9a75481fc76e05354b99d54c59
  react-native-netinfo: 48c5f79a84fbc3ba1d28a8b0d04adeda72885fa8
  react-native-override-color-scheme: 3badbbee9a4ea2a9c3e5b4a5d9fd9eaba8761870
  react-native-pager-view: 02a5c4962530f7efc10dd51ee9cdabeff5e6c631
  react-native-pdf: b4ca3d37a9a86d9165287741c8b2ef4d8940c00e
  react-native-render-html: 984dfe2294163d04bf5fe25d7c9f122e60e05ebe
  react-native-safe-area-context: 2cd91d532de12acdb0a9cbc8d43ac72a8e4c897c
  react-native-video: c26780b224543c62d5e1b2a7244a5cd1b50e8253
  React-perflogger: c7ccda3d1d1da837f7ff4e54e816022a6803ee87
  React-RCTActionSheet: 01c125aebbad462a24228f68c584c7a921d6c28e
  React-RCTAnimation: 5277a9440acffc4a5b7baa6ae3880fe467277ae6
  React-RCTAppDelegate: 3977201606125157aa94872b4171ca316478939b
  React-RCTBlob: 8e15fc9091d8947f406ba706f11505b38b1b5e40
  React-RCTImage: 65319acfe82b85219b2d410725a593abe19ac795
  React-RCTLinking: a5fc2b9d7a346d6e7d34de8093bb5d1064042508
  React-RCTNetwork: 5d1efcd01ca7f08ebf286d68be544f747a5d315a
  React-RCTSettings: fa760b0add819ac3ad73b06715f9547316acdf20
  React-RCTText: 05c244b135d75d4395eb35c012949a5326f8ab70
  React-RCTVibration: 0af3babdeee1b2d052811a2f86977d1e1c81ebd1
  React-runtimeexecutor: 4bf9a9086d27f74065fce1dddac274aa95216952
  ReactCommon: f697c0ac52e999aa818e43e2b6f277787c735e2d
  RNCAsyncStorage: 687bb9e85dd3d45b966662440dcfc0cd962347e6
  RNCClipboard: d77213bfa269013bf4b857b7a9ca37ee062d8ef1
  RNDeviceInfo: bf8a32acbcb875f568217285d1793b0e8588c974
  RNFastImage: 5c9c9fed9c076e521b3f509fe79e790418a544e8
  RNFBApp: 5a16a735bad57ca29ee44757bde7e654c5bc8f60
  RNFBMessaging: d1727030c98a9dcc7cd44e2fd29398acb6531cba
  RNFileViewer: ce7ca3ac370e18554d35d6355cffd7c30437c592
  RNFS: 4ac0f0ea233904cb798630b3c077808c06931688
  RNGestureHandler: 6e46dde1f87e5f018a54fe5d40cd0e0b942b49ee
  RNImageCropPicker: 648356d68fbf9911a1016b3e3723885d28373eda
  RNKeychain: a65256b6ca6ba6976132cc4124b238a5b13b3d9c
  rnmapbox-maps: b6219b7432508ae2cea169365116a811f822612e
  RNPermissions: 957df96a7f2f7f01d5c4fbf7e0ba1a523c8ea6c2
  RNReanimated: f186e85d9f28c9383d05ca39e11dd194f59093ec
  RNScreens: 3c2d122f5e08c192e254c510b212306da97d2581
  RNSentry: e12330e6fc1b2fc2347babdd8aba346d1211ef75
  RNSVG: 07dbd870b0dcdecc99b3a202fa37c8ca163caec2
  SDWebImage: a7f831e1a65eb5e285e3fb046a23fcfbf08e696d
  SDWebImageWebPCoder: 908b83b6adda48effe7667cd2b7f78c897e5111d
  Sentry: 6f5742b4c47c17c9adcf265f6f328cf4a0ed1923
  SentryPrivate: b2f7996f37781080f04a946eb4e377ff63c64195
  SocketRocket: abac6f5de4d4d62d24e11868d7a2f427e0ef940d
  TOCropViewController: edfd4f25713d56905ad1e0b9f5be3fbe0f59c863
  Turf: 13d1a92d969ca0311bbc26e8356cca178ce95da2
  Yoga: 5b0304b3dbef2b52e078052138e23a19c7dacaef

PODFILE CHECKSUM: 61a76b69206754db38d48117525d4ed24975f765

COCOAPODS: 1.12.1
